<?xml version="1.0" encoding="utf-8"?>
<Project ToolsVersion="4.0" xmlns="http://schemas.microsoft.com/developer/msbuild/2003">
  <ItemGroup>
    <Filter Include="ソース ファイル">
      <UniqueIdentifier>{4FC737F1-C7A5-4376-A066-2A32D752A2FF}</UniqueIdentifier>
      <Extensions>cpp;c;cc;cxx;c++;cppm;ixx;def;odl;idl;hpj;bat;asm;asmx</Extensions>
    </Filter>
    <Filter Include="ソース ファイル\Common">
      <UniqueIdentifier>{d8907fd1-6b74-4abd-8d02-870a6f353d93}</UniqueIdentifier>
    </Filter>
    <Filter Include="ソース ファイル\Common\Constants">
      <UniqueIdentifier>{60bf5d9f-f609-4951-bab4-da31ee026738}</UniqueIdentifier>
    </Filter>
    <Filter Include="ソース ファイル\Common\ECS">
      <UniqueIdentifier>{ba1d34ce-67e5-43da-9ad6-77793b674fc2}</UniqueIdentifier>
    </Filter>
    <Filter Include="ソース ファイル\Common\Interface">
      <UniqueIdentifier>{bf54158e-095e-4946-8677-c65c077d3d9f}</UniqueIdentifier>
    </Filter>
    <Filter Include="ソース ファイル\Common\Math">
      <UniqueIdentifier>{1ae26b9b-a93c-446f-9689-5f9f90a2acff}</UniqueIdentifier>
    </Filter>
    <Filter Include="ソース ファイル\GameObject">
      <UniqueIdentifier>{a2df45dd-0799-45cc-80de-96bc0e3599e8}</UniqueIdentifier>
    </Filter>
    <Filter Include="ソース ファイル\System">
      <UniqueIdentifier>{6a582da0-d8af-4f5c-8147-f3e88be102af}</UniqueIdentifier>
    </Filter>
    <Filter Include="ソース ファイル\System\Adapter">
      <UniqueIdentifier>{e750756d-b46e-48fd-becc-37b5c27553ec}</UniqueIdentifier>
    </Filter>
    <Filter Include="ソース ファイル\System\Components">
      <UniqueIdentifier>{a53b5264-f4e4-4d29-897b-f525db1272ca}</UniqueIdentifier>
    </Filter>
    <Filter Include="ソース ファイル\System\Scene">
      <UniqueIdentifier>{ea20f5cd-5743-4ecb-9826-01f267204ae8}</UniqueIdentifier>
    </Filter>
    <Filter Include="ソース ファイル\Common\BaseClass">
      <UniqueIdentifier>{6a91466d-c35a-43f4-9518-7041cc1fa38c}</UniqueIdentifier>
    </Filter>
    <Filter Include="ソース ファイル\System\ComponentSystems">
      <UniqueIdentifier>{f9e055f9-0fb7-41a3-953d-d2161467ffdd}</UniqueIdentifier>
    </Filter>
    <Filter Include="ソース ファイル\System\ComponentStorages">
      <UniqueIdentifier>{f7948fe6-49b5-42df-9b08-3413dc1eafb5}</UniqueIdentifier>
    </Filter>
    <Filter Include="ソース ファイル\Common\BaseClass\SceneBase">
      <UniqueIdentifier>{86ff63f9-26ca-47b7-bccd-267468a07b21}</UniqueIdentifier>
    </Filter>
    <Filter Include="ソース ファイル\System\Manager">
      <UniqueIdentifier>{2bc2453a-7a50-4f15-bfe0-bb3c7e6c3088}</UniqueIdentifier>
    </Filter>
    <Filter Include="ソース ファイル\Common\Math\Matrix">
      <UniqueIdentifier>{5177946c-5739-4022-af50-230705bcc3ab}</UniqueIdentifier>
    </Filter>
    <Filter Include="ソース ファイル\Common\Math\Quaternion">
      <UniqueIdentifier>{ef5a4f01-a985-4ad2-a761-263aabc7ceeb}</UniqueIdentifier>
    </Filter>
    <Filter Include="ソース ファイル\Common\Math\Vector">
      <UniqueIdentifier>{d9c73365-0929-4e41-95f1-eab339f88b6f}</UniqueIdentifier>
    </Filter>
    <Filter Include="ソース ファイル\Common\Math\Vector\SIMD">
      <UniqueIdentifier>{ba8185b1-ab38-4a20-af7b-1be19f6f84a8}</UniqueIdentifier>
    </Filter>
    <Filter Include="ソース ファイル\Common\Math\Vector\Vector2">
      <UniqueIdentifier>{b5c05615-ff8b-4d14-8d15-784b24ac5309}</UniqueIdentifier>
    </Filter>
    <Filter Include="ソース ファイル\Common\Math\Vector\Vector3">
      <UniqueIdentifier>{0249a9d7-fb9a-4dda-a0d1-bc9d1f9b24a7}</UniqueIdentifier>
    </Filter>
    <Filter Include="ソース ファイル\Common\Math\Transform">
      <UniqueIdentifier>{ce40d2c3-28bd-420d-bd3d-772c94199fa7}</UniqueIdentifier>
    </Filter>
    <Filter Include="ソース ファイル\Physics">
      <UniqueIdentifier>{74951b05-2a6e-4b22-9c1a-073ee81bee8a}</UniqueIdentifier>
    </Filter>
    <Filter Include="ソース ファイル\Physics\System">
      <UniqueIdentifier>{cb2d5064-7b89-435a-9757-5e2513279225}</UniqueIdentifier>
    </Filter>
    <Filter Include="ソース ファイル\Physics\Storage">
      <UniqueIdentifier>{17985e89-cb6d-479a-9895-c6e7115113fa}</UniqueIdentifier>
    </Filter>
    <Filter Include="ソース ファイル\Physics\Struct">
      <UniqueIdentifier>{893e4b80-687b-4e31-bf97-04bd8616466d}</UniqueIdentifier>
    </Filter>
    <Filter Include="ソース ファイル\Common\Color">
      <UniqueIdentifier>{a0b6f81f-c9ff-44a9-924c-bf0da1c95d26}</UniqueIdentifier>
    </Filter>
    <Filter Include="ソース ファイル\Physics\Constants">
      <UniqueIdentifier>{d4cb68c5-ecdd-4f65-a9f4-22f3e5809258}</UniqueIdentifier>
    </Filter>
    <Filter Include="ソース ファイル\Physics\System\Collision">
      <UniqueIdentifier>{5a3b05af-c2cc-4108-b928-98bfe76990c4}</UniqueIdentifier>
    </Filter>
    <Filter Include="ソース ファイル\Physics\System\Update">
      <UniqueIdentifier>{31a7a09b-a7fb-43b9-9044-1e4f936befd2}</UniqueIdentifier>
    </Filter>
    <Filter Include="ソース ファイル\Common\Events">
      <UniqueIdentifier>{b9bff928-5b7e-4c6b-8a3a-f6eb65471602}</UniqueIdentifier>
    </Filter>
    <Filter Include="ソース ファイル\Common\Events\Physics">
      <UniqueIdentifier>{efd2c8b0-1091-4205-ad0c-41bbf3fa541f}</UniqueIdentifier>
    </Filter>
    <Filter Include="ソース ファイル\Common\Math\Constants">
      <UniqueIdentifier>{4e1f64dc-d6db-4818-9365-2e73beec1b1e}</UniqueIdentifier>
    </Filter>
    <Filter Include="ソース ファイル\Physics\Storage\Component">
      <UniqueIdentifier>{5e801506-484e-4394-9590-222b198d07fe}</UniqueIdentifier>
    </Filter>
    <Filter Include="ソース ファイル\Physics\Storage\Collider">
      <UniqueIdentifier>{4879deec-c92d-4120-b5b2-022d2ba28ad5}</UniqueIdentifier>
    </Filter>
    <Filter Include="ソース ファイル\Physics\Storage\Body">
      <UniqueIdentifier>{6c679349-e30e-4eb0-95ba-0f1ec82f89a1}</UniqueIdentifier>
    </Filter>
    <Filter Include="ソース ファイル\Physics\System\Sync">
      <UniqueIdentifier>{03d50d9b-6ad1-4a7d-9de5-0b3043694bb3}</UniqueIdentifier>
    </Filter>
    <Filter Include="ソース ファイル\Physics\Storage\Transform">
      <UniqueIdentifier>{7467adcf-127f-48f6-b07f-145eef1876eb}</UniqueIdentifier>
    </Filter>
    <Filter Include="ソース ファイル\Common\Math\NamericalAnalysis">
      <UniqueIdentifier>{f5e361c7-b168-4d9f-952b-67df79fa1a61}</UniqueIdentifier>
    </Filter>
    <Filter Include="ソース ファイル\Common\Math\Vector\Vector4">
      <UniqueIdentifier>{23013ff9-648f-454e-9b7d-6d2894959875}</UniqueIdentifier>
    </Filter>
    <Filter Include="ソース ファイル\Physics\Struct\Collider">
      <UniqueIdentifier>{c6578464-80b8-4f02-8410-f61663518cef}</UniqueIdentifier>
    </Filter>
    <Filter Include="ソース ファイル\Physics\Struct\Transform">
      <UniqueIdentifier>{f7dc720c-0469-41a8-872c-70f66e69297c}</UniqueIdentifier>
    </Filter>
    <Filter Include="ソース ファイル\Physics\Struct\Body">
      <UniqueIdentifier>{9833bba1-8094-4ea8-b137-d485bfd6791e}</UniqueIdentifier>
    </Filter>
    <Filter Include="ソース ファイル\Physics\Struct\Collision">
      <UniqueIdentifier>{2e45a226-c298-41e8-a4d5-c588fb03dc73}</UniqueIdentifier>
    </Filter>
    <Filter Include="ソース ファイル\Physics\Struct\Constraint">
      <UniqueIdentifier>{277277a4-b6a9-4c59-b178-a4b8be73190d}</UniqueIdentifier>
    </Filter>
    <Filter Include="ソース ファイル\Physics\Function">
      <UniqueIdentifier>{e386d585-ca9f-4818-8aec-d7a8a97027a2}</UniqueIdentifier>
    </Filter>
    <Filter Include="ソース ファイル\System\SceneData">
      <UniqueIdentifier>{d366f04b-e681-47d3-b3d7-2458ae8550b0}</UniqueIdentifier>
    </Filter>
    <Filter Include="ソース ファイル\System\SceneData\Struct">
      <UniqueIdentifier>{6f0c87e4-d179-415f-bbf5-347716e1f5e7}</UniqueIdentifier>
    </Filter>
    <Filter Include="ソース ファイル\System\SceneData\Struct\Component">
      <UniqueIdentifier>{a1a25e8a-8a5e-4095-9fe6-fa57d9ff28c7}</UniqueIdentifier>
    </Filter>
    <Filter Include="ソース ファイル\System\Factory">
      <UniqueIdentifier>{00709cff-6d90-483b-80c8-4734f0235a1a}</UniqueIdentifier>
    </Filter>
    <Filter Include="ソース ファイル\Physics\System\Solver">
      <UniqueIdentifier>{bc92434c-d638-4b0a-aabc-6fc93f891bfe}</UniqueIdentifier>
    </Filter>
    <Filter Include="ソース ファイル\Physics\System\Build">
      <UniqueIdentifier>{008c1e6d-b05e-459e-bbb1-56026e0f03c5}</UniqueIdentifier>
    </Filter>
    <Filter Include="ソース ファイル\Physics\Storage\Constraint">
      <UniqueIdentifier>{656e37e3-79c6-4b8d-92d4-c45fb42c5271}</UniqueIdentifier>
    </Filter>
    <Filter Include="ソース ファイル\Physics\Component">
      <UniqueIdentifier>{78d1c2a0-036a-4a4c-a7a1-9318cdb73a51}</UniqueIdentifier>
    </Filter>
    <Filter Include="ソース ファイル\Physics\Component\Collider">
      <UniqueIdentifier>{4abc7f76-af33-4ab0-a1d2-9e772f3abea3}</UniqueIdentifier>
    </Filter>
    <Filter Include="ソース ファイル\Physics\Component\Body">
      <UniqueIdentifier>{d2adb01f-8afb-4799-9b45-d8f459bcd42e}</UniqueIdentifier>
    </Filter>
    <Filter Include="ソース ファイル\Physics\Component\Constraint">
      <UniqueIdentifier>{93bab5e3-3ac7-4beb-ba9c-cd8e9c82aee3}</UniqueIdentifier>
    </Filter>
    <Filter Include="ソース ファイル\Physics\DebugRender">
      <UniqueIdentifier>{ac31dc76-d793-4268-8656-74cc1a31d744}</UniqueIdentifier>
    </Filter>
    <Filter Include="ソース ファイル\Physics\Storage\Buffer">
      <UniqueIdentifier>{57ae44e5-d821-4cde-af6b-bae4e95ec697}</UniqueIdentifier>
    </Filter>
    <Filter Include="ソース ファイル\Physics\Struct\Command">
      <UniqueIdentifier>{a6c68d1b-6726-4827-9a6f-dfdbcaee34e5}</UniqueIdentifier>
    </Filter>
    <Filter Include="ソース ファイル\System\Adapter\Dxlib">
      <UniqueIdentifier>{d720879d-64f8-443d-9ef0-efe5bdec64b2}</UniqueIdentifier>
    </Filter>
    <Filter Include="ソース ファイル\System\Struct">
      <UniqueIdentifier>{6992a724-6b3e-46bc-94c8-826b9c9a2a5b}</UniqueIdentifier>
    </Filter>
    <Filter Include="ソース ファイル\Common\Struct">
      <UniqueIdentifier>{5d02ebba-dc11-44e2-80e5-988d230cc36a}</UniqueIdentifier>
    </Filter>
    <Filter Include="ソース ファイル\Physics\Component\Body\Soft">
      <UniqueIdentifier>{fd9b9a12-8c42-4fb0-a0df-0c02d9f334ca}</UniqueIdentifier>
    </Filter>
    <Filter Include="ソース ファイル\Physics\Struct\Body\Soft">
      <UniqueIdentifier>{8073d815-6892-4112-9309-cab7f8863c5c}</UniqueIdentifier>
    </Filter>
    <Filter Include="ソース ファイル\Physics\Storage\Body\Soft">
      <UniqueIdentifier>{5500034f-5c93-4b9d-b68f-fa3f7cdc4dd2}</UniqueIdentifier>
    </Filter>
    <Filter Include="ソース ファイル\Physics\Storage\Body\Rigid">
      <UniqueIdentifier>{ab5f5cd2-d368-4d2d-bcb3-cc96842f7585}</UniqueIdentifier>
    </Filter>
    <Filter Include="ソース ファイル\Physics\Storage\Component\Body">
      <UniqueIdentifier>{8b6fe77f-e14a-4e27-bd02-093b47c86db0}</UniqueIdentifier>
    </Filter>
    <Filter Include="ソース ファイル\Physics\Storage\Component\Collider">
      <UniqueIdentifier>{023d7355-4414-4770-9a3e-46472fa8d821}</UniqueIdentifier>
    </Filter>
    <Filter Include="ソース ファイル\Physics\Storage\Component\Constraint">
      <UniqueIdentifier>{ea6612c2-03b8-4146-925f-27ea1cb384f1}</UniqueIdentifier>
    </Filter>
    <Filter Include="ソース ファイル\Physics\Storage\Component\Body\Soft">
      <UniqueIdentifier>{93733d9e-2408-4f50-b669-6e52f51323a6}</UniqueIdentifier>
    </Filter>
    <Filter Include="ソース ファイル\Common\Macro">
      <UniqueIdentifier>{3aa8d424-0d44-4460-9723-b3d92630848a}</UniqueIdentifier>
    </Filter>
    <Filter Include="ソース ファイル\Common\ECS\SparseSet">
      <UniqueIdentifier>{90929fab-8059-4565-8cff-609035e3d0ab}</UniqueIdentifier>
    </Filter>
    <Filter Include="ソース ファイル\Common\ECS\SparseSet\Table">
      <UniqueIdentifier>{f7f1a8ef-127c-4a97-a8f7-39c162b81a8d}</UniqueIdentifier>
    </Filter>
    <Filter Include="ソース ファイル\Common\ECS\Storage">
      <UniqueIdentifier>{32644aa6-86a4-4e21-95ca-1d7ef48aabbd}</UniqueIdentifier>
    </Filter>
    <Filter Include="ソース ファイル\Common\ECS\Event">
      <UniqueIdentifier>{1faeebf5-a210-4ad0-a728-6138db94a23b}</UniqueIdentifier>
    </Filter>
    <Filter Include="Shader">
      <UniqueIdentifier>{615c05a0-7507-44c8-90c8-fc293e9557ff}</UniqueIdentifier>
    </Filter>
    <Filter Include="ソース ファイル\System\Adapter\Dxlib\Struct">
      <UniqueIdentifier>{deb0ee4a-78ba-4bcf-8f5a-9407cf437c88}</UniqueIdentifier>
    </Filter>
    <Filter Include="ソース ファイル\System\Input">
      <UniqueIdentifier>{5383834d-326d-4d9e-9bb8-cdfd33e706c0}</UniqueIdentifier>
    </Filter>
    <Filter Include="ソース ファイル\System\Input\Struct">
      <UniqueIdentifier>{24094d33-35f2-4320-a8fe-c0e612e17c01}</UniqueIdentifier>
    </Filter>
    <Filter Include="ソース ファイル\Physics\Struct\Ray">
      <UniqueIdentifier>{bfbeeac6-363b-48fd-9750-44d9239b8487}</UniqueIdentifier>
    </Filter>
    <Filter Include="ソース ファイル\Physics\System\Query">
      <UniqueIdentifier>{469bbaca-5b6a-4938-9411-5666fe3ef278}</UniqueIdentifier>
    </Filter>
    <Filter Include="ソース ファイル\Physics\Component\CharacterController">
      <UniqueIdentifier>{6afe458a-72e7-479a-8ede-fe94b3b0ac3b}</UniqueIdentifier>
    </Filter>
    <Filter Include="ソース ファイル\Physics\Storage\CharacterController">
      <UniqueIdentifier>{c8d5f340-664c-4332-9e87-0a40aa937b95}</UniqueIdentifier>
    </Filter>
    <Filter Include="ソース ファイル\Physics\Struct\CharacterController">
      <UniqueIdentifier>{8a711579-6892-4046-876c-e6268a95b38c}</UniqueIdentifier>
    </Filter>
    <Filter Include="ソース ファイル\Physics\Storage\Component\CharacterController">
      <UniqueIdentifier>{724de3b5-c382-4a7d-9d3a-f18665eb452d}</UniqueIdentifier>
    </Filter>
    <Filter Include="ソース ファイル\Render">
      <UniqueIdentifier>{038bec7a-3715-4538-98dd-675f5aef9056}</UniqueIdentifier>
    </Filter>
    <Filter Include="ソース ファイル\Render\Component">
      <UniqueIdentifier>{a243203a-2028-4136-94b7-29b900436eb8}</UniqueIdentifier>
    </Filter>
    <Filter Include="ソース ファイル\Render\System">
      <UniqueIdentifier>{c3246eb6-9a80-4c12-932d-920857121931}</UniqueIdentifier>
    </Filter>
    <Filter Include="ソース ファイル\Render\Storage">
      <UniqueIdentifier>{c6058d0a-0ee3-43d3-ad71-b9f65335fed7}</UniqueIdentifier>
    </Filter>
    <Filter Include="ソース ファイル\Animation">
      <UniqueIdentifier>{00fcc2b6-a452-436a-8c67-5591587dc19e}</UniqueIdentifier>
    </Filter>
    <Filter Include="ソース ファイル\Animation\Component">
      <UniqueIdentifier>{20dd96eb-594e-4a5f-89ba-91869fa9717f}</UniqueIdentifier>
    </Filter>
    <Filter Include="ソース ファイル\Animation\Storage">
      <UniqueIdentifier>{557d5555-fc57-4e66-9a94-35498c7bef58}</UniqueIdentifier>
    </Filter>
    <Filter Include="ソース ファイル\Animation\Storage\Component">
      <UniqueIdentifier>{b46e6864-1e80-4225-911c-86e31d485be4}</UniqueIdentifier>
    </Filter>
    <Filter Include="ソース ファイル\Animation\Struct">
      <UniqueIdentifier>{1632145f-fac1-4a26-88cf-c483035160df}</UniqueIdentifier>
    </Filter>
    <Filter Include="ソース ファイル\Animation\Storage\Buffer">
      <UniqueIdentifier>{9d79273f-e87c-4980-ae55-ea948f048a0f}</UniqueIdentifier>
    </Filter>
    <Filter Include="ソース ファイル\Animation\System">
      <UniqueIdentifier>{274ae82f-a1de-4ff4-80cc-d1b2b3eb3f91}</UniqueIdentifier>
    </Filter>
    <Filter Include="ソース ファイル\Physics\Struct\SnapShot">
      <UniqueIdentifier>{9a09c338-7820-4ff3-9479-2ebf7f7af372}</UniqueIdentifier>
    </Filter>
    <Filter Include="ソース ファイル\Animation\Struct\Ragdoll">
      <UniqueIdentifier>{9bb35a89-90fe-4f14-854b-26d31b61f18e}</UniqueIdentifier>
    </Filter>
    <Filter Include="ソース ファイル\Animation\Struct\Skeleton">
      <UniqueIdentifier>{be5879d8-4221-40b4-a59e-50971aaf30ac}</UniqueIdentifier>
    </Filter>
    <Filter Include="ソース ファイル\Common\ECS\Storage\DataStorage">
      <UniqueIdentifier>{e03f3312-bcc0-4c8e-abc1-454639fc8739}</UniqueIdentifier>
    </Filter>
    <Filter Include="ソース ファイル\Common\ECS\Storage\Component">
      <UniqueIdentifier>{b83b65c1-97d1-4c8d-a60b-7e996d956505}</UniqueIdentifier>
    </Filter>
    <Filter Include="ソース ファイル\Animation\Storage\Ragdoll">
      <UniqueIdentifier>{f7a9a702-09fd-4950-8e17-cd84e482f8bc}</UniqueIdentifier>
    </Filter>
    <Filter Include="ソース ファイル\Animation\Storage\Skeleton">
      <UniqueIdentifier>{6ab612bd-16de-4f23-8595-ef9d27990ca7}</UniqueIdentifier>
    </Filter>
    <Filter Include="ソース ファイル\Animation\System\Sync">
      <UniqueIdentifier>{8fc4a77b-39eb-4b8f-8121-ea1c83f99d46}</UniqueIdentifier>
    </Filter>
    <Filter Include="ソース ファイル\Physics\API">
      <UniqueIdentifier>{45a9976b-e592-42bf-8114-87e881c20c91}</UniqueIdentifier>
    </Filter>
    <Filter Include="Shader\Sky">
      <UniqueIdentifier>{07970a55-a609-4143-b563-b9c2fded9b2a}</UniqueIdentifier>
    </Filter>
    <Filter Include="ソース ファイル\Animation\System\Update">
      <UniqueIdentifier>{fca15150-40aa-42c4-ac4f-bdfbb0be35a2}</UniqueIdentifier>
    </Filter>
    <Filter Include="ソース ファイル\Animation\API">
      <UniqueIdentifier>{e4da09f0-9ebb-47ba-a69d-3fb463199b83}</UniqueIdentifier>
    </Filter>
    <Filter Include="ソース ファイル\Animation\Constants">
      <UniqueIdentifier>{c7129919-d6a4-482a-bc28-07f60d14d796}</UniqueIdentifier>
    </Filter>
    <Filter Include="ソース ファイル\Physics\Component\Constraint\Base">
      <UniqueIdentifier>{2d2e0754-fc53-4b3d-aaec-a0055dc82b58}</UniqueIdentifier>
    </Filter>
    <Filter Include="ソース ファイル\Physics\Struct\Constraint\EndPoint">
      <UniqueIdentifier>{5dd93675-bc9b-4720-9702-478ee26716a1}</UniqueIdentifier>
    </Filter>
    <Filter Include="ソース ファイル\Physics\Struct\Constraint\Constraint">
      <UniqueIdentifier>{c2d4cbce-7c8d-49b3-8f63-10960b1ef5b3}</UniqueIdentifier>
    </Filter>
    <Filter Include="ソース ファイル\Animation\Load">
      <UniqueIdentifier>{119c48b8-66a9-4c1a-ad4f-3be805c7dee4}</UniqueIdentifier>
    </Filter>
    <Filter Include="ソース ファイル\Animation\Load\Ragdoll">
      <UniqueIdentifier>{5afb3728-1a60-4b13-b69b-7558db1336fb}</UniqueIdentifier>
    </Filter>
    <Filter Include="ソース ファイル\Animation\Struct\Ragdoll\Active">
      <UniqueIdentifier>{00c20d03-f292-47e0-9d6a-3b48f96cbe8a}</UniqueIdentifier>
    </Filter>
    <Filter Include="ソース ファイル\Animation\Function">
      <UniqueIdentifier>{8d2efa16-0504-41f1-971c-542484cae2ef}</UniqueIdentifier>
    </Filter>
    <Filter Include="ソース ファイル\Animation\Storage\Animation">
      <UniqueIdentifier>{e4659250-4320-44db-86ff-e0873fc1e9c4}</UniqueIdentifier>
    </Filter>
    <Filter Include="ソース ファイル\Animation\Struct\Animation">
      <UniqueIdentifier>{2e97c53d-9390-4fc3-8c92-139f3f74aab6}</UniqueIdentifier>
    </Filter>
    <Filter Include="ソース ファイル\Animation\Load\Skeleton">
      <UniqueIdentifier>{fd08a1e5-df4e-41f5-9e33-051b5d37a0ac}</UniqueIdentifier>
    </Filter>
    <Filter Include="ソース ファイル\Animation\Storage\IK">
      <UniqueIdentifier>{ba20bd4e-88a5-47ff-9e47-f82663737dda}</UniqueIdentifier>
    </Filter>
    <Filter Include="ソース ファイル\Animation\System\Solver">
      <UniqueIdentifier>{8424f838-9b60-4301-b69f-ea9112d1fb22}</UniqueIdentifier>
    </Filter>
    <Filter Include="ソース ファイル\Animation\Struct\IK">
      <UniqueIdentifier>{f437ec63-9d99-4785-b8b4-a3d112cb7ec4}</UniqueIdentifier>
    </Filter>
  </ItemGroup>
  <ItemGroup>
    <ClInclude Include="Source\Objects\Camera.h">
      <Filter>ソース ファイル\GameObject</Filter>
    </ClInclude>
    <ClInclude Include="Source\System\Components\TransformComponent.h">
      <Filter>ソース ファイル\System\Components</Filter>
    </ClInclude>
    <ClInclude Include="Source\Common\Constants\BaseConstants.h">
      <Filter>ソース ファイル\Common\Constants</Filter>
    </ClInclude>
    <ClInclude Include="Source\Common\Interface\IInput.h">
      <Filter>ソース ファイル\Common\Interface</Filter>
    </ClInclude>
    <ClInclude Include="Source\Common\Interface\ISystem.h">
      <Filter>ソース ファイル\Common\Interface</Filter>
    </ClInclude>
    <ClInclude Include="Source\Common\Interface\IRenderer.h">
      <Filter>ソース ファイル\Common\Interface</Filter>
    </ClInclude>
    <ClInclude Include="Source\Common\Constants\KeyConstants.h">
      <Filter>ソース ファイル\Common\Constants</Filter>
    </ClInclude>
    <ClInclude Include="Source\Common\Math\MDMath.h">
      <Filter>ソース ファイル\Common\Math</Filter>
    </ClInclude>
    <ClInclude Include="Source\Common\BaseClass\UpdateSystem.h">
      <Filter>ソース ファイル\Common\BaseClass</Filter>
    </ClInclude>
    <ClInclude Include="Source\Common\BaseClass\SystemBase.h">
      <Filter>ソース ファイル\Common\BaseClass</Filter>
    </ClInclude>
    <ClInclude Include="Source\Common\BaseClass\StorageBase.h">
      <Filter>ソース ファイル\Common\BaseClass</Filter>
    </ClInclude>
    <ClInclude Include="Source\Common\BaseClass\RenderingSystem.h">
      <Filter>ソース ファイル\Common\BaseClass</Filter>
    </ClInclude>
    <ClInclude Include="Source\Common\BaseClass\SceneBase\SceneBase.h">
      <Filter>ソース ファイル\Common\BaseClass\SceneBase</Filter>
    </ClInclude>
    <ClInclude Include="Source\Common\Math\Matrix\MatGenerateFunc.h">
      <Filter>ソース ファイル\Common\Math\Matrix</Filter>
    </ClInclude>
    <ClInclude Include="Source\Common\Math\Matrix\Matrix.h">
      <Filter>ソース ファイル\Common\Math\Matrix</Filter>
    </ClInclude>
    <ClInclude Include="Source\Common\Math\Quaternion\Quaternion.h">
      <Filter>ソース ファイル\Common\Math\Quaternion</Filter>
    </ClInclude>
    <ClInclude Include="Source\Common\Math\Vector\SIMD\SIMDVector.h">
      <Filter>ソース ファイル\Common\Math\Vector\SIMD</Filter>
    </ClInclude>
    <ClInclude Include="Source\Common\Math\Vector\SIMD\SIMDVectorMath.h">
      <Filter>ソース ファイル\Common\Math\Vector\SIMD</Filter>
    </ClInclude>
    <ClInclude Include="Source\Common\Math\Vector\Vector2\Vector2.h">
      <Filter>ソース ファイル\Common\Math\Vector\Vector2</Filter>
    </ClInclude>
    <ClInclude Include="Source\Common\Math\Vector\Vector2\Vector2Int.h">
      <Filter>ソース ファイル\Common\Math\Vector\Vector2</Filter>
    </ClInclude>
    <ClInclude Include="Source\Common\Math\Vector\Vector3\Vector3.h">
      <Filter>ソース ファイル\Common\Math\Vector\Vector3</Filter>
    </ClInclude>
    <ClInclude Include="Source\Common\Math\Vector\Vector3\Vector3Int.h">
      <Filter>ソース ファイル\Common\Math\Vector\Vector3</Filter>
    </ClInclude>
    <ClInclude Include="Source\Common\Math\Transform\Transform.h">
      <Filter>ソース ファイル\Common\Math\Transform</Filter>
    </ClInclude>
    <ClInclude Include="Source\System\Manager\ApplicationManager.h">
      <Filter>ソース ファイル\System\Manager</Filter>
    </ClInclude>
    <ClInclude Include="Source\System\Manager\ObjectManager.h">
      <Filter>ソース ファイル\System\Manager</Filter>
    </ClInclude>
    <ClInclude Include="Source\System\Manager\ResourceManager.h">
      <Filter>ソース ファイル\System\Manager</Filter>
    </ClInclude>
    <ClInclude Include="Source\System\Manager\SceneManager.h">
      <Filter>ソース ファイル\System\Manager</Filter>
    </ClInclude>
    <ClInclude Include="Source\System\Manager\TimeManager.h">
      <Filter>ソース ファイル\System\Manager</Filter>
    </ClInclude>
    <ClInclude Include="Source\System\ServiceLocator.h">
      <Filter>ソース ファイル\System</Filter>
    </ClInclude>
    <ClInclude Include="Source\System\ComponentStorages\TransformComponentStorage.h">
      <Filter>ソース ファイル\System\ComponentStorages</Filter>
    </ClInclude>
    <ClInclude Include="Source\Common\BaseClass\FixedUpdateSystem.h">
      <Filter>ソース ファイル\Common\BaseClass</Filter>
    </ClInclude>
    <ClInclude Include="Source\Objects\DebugSphere.h">
      <Filter>ソース ファイル\GameObject</Filter>
    </ClInclude>
    <ClInclude Include="Source\Common\Color\Color.h">
      <Filter>ソース ファイル\Common\Color</Filter>
    </ClInclude>
    <ClInclude Include="Source\Common\BaseClass\ObjectBase\ObjectBase.h">
      <Filter>ソース ファイル\Common\BaseClass</Filter>
    </ClInclude>
    <ClInclude Include="Source\Physics\Constants\CollisionConstants.h">
      <Filter>ソース ファイル\Physics\Constants</Filter>
    </ClInclude>
    <ClInclude Include="Source\Physics\System\Collision\CollisionSystem.h">
      <Filter>ソース ファイル\Physics\System\Collision</Filter>
    </ClInclude>
    <ClInclude Include="Source\Physics\System\Update\RigidBodySystem.h">
      <Filter>ソース ファイル\Physics\System\Update</Filter>
    </ClInclude>
    <ClInclude Include="Source\Common\ECS\SystemManager.h">
      <Filter>ソース ファイル\Common\ECS</Filter>
    </ClInclude>
    <ClInclude Include="Source\Common\Events\Physics\PhysicsEvent.h">
      <Filter>ソース ファイル\Common\Events\Physics</Filter>
    </ClInclude>
    <ClInclude Include="Source\Physics\PhysicsWorld.h">
      <Filter>ソース ファイル\Physics</Filter>
    </ClInclude>
    <ClInclude Include="Source\Common\Math\Constants\MathConstants.h">
      <Filter>ソース ファイル\Common\Math\Constants</Filter>
    </ClInclude>
    <ClInclude Include="Source\Objects\DebugBox.h">
      <Filter>ソース ファイル\GameObject</Filter>
    </ClInclude>
    <ClInclude Include="Source\Physics\Storage\Collider\SphereColliderStorage.h">
      <Filter>ソース ファイル\Physics\Storage\Collider</Filter>
    </ClInclude>
    <ClInclude Include="Source\Physics\Storage\Collider\ColliderStorage.h">
      <Filter>ソース ファイル\Physics\Storage\Collider</Filter>
    </ClInclude>
    <ClInclude Include="Source\Physics\Storage\Collider\AABBBroadPhaseColliderStorage.h">
      <Filter>ソース ファイル\Physics\Storage\Collider</Filter>
    </ClInclude>
    <ClInclude Include="Source\Common\ECS\EntityID.h">
      <Filter>ソース ファイル\Common\ECS</Filter>
    </ClInclude>
    <ClInclude Include="Source\Physics\Storage\Collider\BoxColliderStorage.h">
      <Filter>ソース ファイル\Physics\Storage\Collider</Filter>
    </ClInclude>
    <ClInclude Include="Source\Physics\System\Update\AABBUpdateSystem.h">
      <Filter>ソース ファイル\Physics\System\Update</Filter>
    </ClInclude>
    <ClInclude Include="Source\Physics\System\Collision\NarrowPhasePairBuilder.h">
      <Filter>ソース ファイル\Physics\System\Collision</Filter>
    </ClInclude>
    <ClInclude Include="Source\Physics\System\Sync\PhysicsCommitSystem.h">
      <Filter>ソース ファイル\Physics\System\Sync</Filter>
    </ClInclude>
    <ClInclude Include="Source\Physics\System\Sync\SynchronizationSystem.h">
      <Filter>ソース ファイル\Physics\System\Sync</Filter>
    </ClInclude>
    <ClInclude Include="Source\Physics\Storage\Transform\PhysicsTransformStorage.h">
      <Filter>ソース ファイル\Physics\Storage\Transform</Filter>
    </ClInclude>
    <ClInclude Include="Source\Common\Math\NamericalAnalysis\NamericalAnalysis.h">
      <Filter>ソース ファイル\Common\Math\NamericalAnalysis</Filter>
    </ClInclude>
    <ClInclude Include="Source\Common\Math\Vector\Vector4\Vector4.h">
      <Filter>ソース ファイル\Common\Math\Vector\Vector4</Filter>
    </ClInclude>
    <ClInclude Include="Source\Physics\Struct\Collider\ColliderID.h">
      <Filter>ソース ファイル\Physics\Struct\Collider</Filter>
    </ClInclude>
    <ClInclude Include="Source\Physics\Struct\Collider\ColliderProjection.h">
      <Filter>ソース ファイル\Physics\Struct\Collider</Filter>
    </ClInclude>
    <ClInclude Include="Source\Physics\Struct\Collider\ColliderProjectionData.h">
      <Filter>ソース ファイル\Physics\Struct\Collider</Filter>
    </ClInclude>
    <ClInclude Include="Source\Physics\Struct\Collider\ColliderSlot.h">
      <Filter>ソース ファイル\Physics\Struct\Collider</Filter>
    </ClInclude>
    <ClInclude Include="Source\Physics\Struct\Collider\ColliderTags.h">
      <Filter>ソース ファイル\Physics\Struct\Collider</Filter>
    </ClInclude>
    <ClInclude Include="Source\Physics\Struct\Transform\PhysicsTransformID.h">
      <Filter>ソース ファイル\Physics\Struct\Transform</Filter>
    </ClInclude>
    <ClInclude Include="Source\Physics\Struct\Body\BodyID.h">
      <Filter>ソース ファイル\Physics\Struct\Body</Filter>
    </ClInclude>
    <ClInclude Include="Source\Physics\Struct\Body\BodySlot.h">
      <Filter>ソース ファイル\Physics\Struct\Body</Filter>
    </ClInclude>
    <ClInclude Include="Source\Physics\Struct\Collision\CollisionPair.h">
      <Filter>ソース ファイル\Physics\Struct\Collision</Filter>
    </ClInclude>
    <ClInclude Include="Source\Physics\Struct\Collision\Edge.h">
      <Filter>ソース ファイル\Physics\Struct\Collision</Filter>
    </ClInclude>
    <ClInclude Include="Source\Physics\Struct\Collision\Face.h">
      <Filter>ソース ファイル\Physics\Struct\Collision</Filter>
    </ClInclude>
    <ClInclude Include="Source\Physics\Struct\Collision\Manifold.h">
      <Filter>ソース ファイル\Physics\Struct\Collision</Filter>
    </ClInclude>
    <ClInclude Include="Source\Physics\Struct\Body\SolverBody.h">
      <Filter>ソース ファイル\Physics\Struct\Body</Filter>
    </ClInclude>
    <ClInclude Include="Source\Physics\Struct\Constraint\Constraint.h">
      <Filter>ソース ファイル\Physics\Struct\Constraint</Filter>
    </ClInclude>
    <ClInclude Include="Source\Physics\Struct\Collision\MinkowskiVertex.h">
      <Filter>ソース ファイル\Physics\Struct\Collision</Filter>
    </ClInclude>
    <ClInclude Include="Source\Physics\Function\ContactFunction.h">
      <Filter>ソース ファイル\Physics\Function</Filter>
    </ClInclude>
    <ClInclude Include="Source\Physics\Function\ManifoldFunction.h">
      <Filter>ソース ファイル\Physics\Function</Filter>
    </ClInclude>
    <ClInclude Include="Source\Physics\Struct\Collision\ContactInfo.h">
      <Filter>ソース ファイル\Physics\Struct\Collision</Filter>
    </ClInclude>
    <ClInclude Include="Source\System\SceneData\Struct\SceneComponentData.h">
      <Filter>ソース ファイル\System\SceneData\Struct</Filter>
    </ClInclude>
    <ClInclude Include="Source\System\SceneData\Struct\SceneFileData.h">
      <Filter>ソース ファイル\System\SceneData\Struct</Filter>
    </ClInclude>
    <ClInclude Include="Source\System\SceneData\Struct\SceneObjectData.h">
      <Filter>ソース ファイル\System\SceneData\Struct</Filter>
    </ClInclude>
    <ClInclude Include="Source\System\SceneData\Struct\Component\BoxColliderComponentData.h">
      <Filter>ソース ファイル\System\SceneData\Struct\Component</Filter>
    </ClInclude>
    <ClInclude Include="Source\System\SceneData\Struct\Component\SphereColliderComponentData.h">
      <Filter>ソース ファイル\System\SceneData\Struct\Component</Filter>
    </ClInclude>
    <ClInclude Include="Source\System\SceneData\Struct\Component\TransformComponentData.h">
      <Filter>ソース ファイル\System\SceneData\Struct\Component</Filter>
    </ClInclude>
    <ClInclude Include="Source\System\SceneData\SceneDataLoader.h">
      <Filter>ソース ファイル\System\SceneData</Filter>
    </ClInclude>
    <ClInclude Include="Source\System\SceneData\JsonLoadHelperFunc.h">
      <Filter>ソース ファイル\System\SceneData</Filter>
    </ClInclude>
    <ClInclude Include="Source\System\Factory\ObjectFactory.h">
      <Filter>ソース ファイル\System\Factory</Filter>
    </ClInclude>
    <ClInclude Include="Source\System\Factory\ComponentFactory.h">
      <Filter>ソース ファイル\System\Factory</Filter>
    </ClInclude>
    <ClInclude Include="Source\Physics\Function\GJKEPA.h">
      <Filter>ソース ファイル\Physics\Function</Filter>
    </ClInclude>
    <ClInclude Include="Source\Physics\System\Solver\CollisionSolverSystem.h">
      <Filter>ソース ファイル\Physics\System\Solver</Filter>
    </ClInclude>
    <ClInclude Include="Source\Physics\System\Solver\ConstraintSolverSystem.h">
      <Filter>ソース ファイル\Physics\System\Solver</Filter>
    </ClInclude>
    <ClInclude Include="Source\Physics\System\Build\ConstraintBuildSystem.h">
      <Filter>ソース ファイル\Physics\System\Build</Filter>
    </ClInclude>
    <ClInclude Include="Source\Physics\System\Build\SolverBodyBuildSystem.h">
      <Filter>ソース ファイル\Physics\System\Build</Filter>
    </ClInclude>
    <ClInclude Include="Source\Physics\Storage\Constraint\ConstraintStorage.h">
      <Filter>ソース ファイル\Physics\Storage\Constraint</Filter>
    </ClInclude>
    <ClInclude Include="Source\Physics\Component\Collider\BoxColliderComponent.h">
      <Filter>ソース ファイル\Physics\Component\Collider</Filter>
    </ClInclude>
    <ClInclude Include="Source\Physics\Component\Collider\ColliderComponent.h">
      <Filter>ソース ファイル\Physics\Component\Collider</Filter>
    </ClInclude>
    <ClInclude Include="Source\Physics\Component\Collider\SphereColliderComponent.h">
      <Filter>ソース ファイル\Physics\Component\Collider</Filter>
    </ClInclude>
    <ClInclude Include="Source\Physics\Component\Body\RigidBodyComponent.h">
      <Filter>ソース ファイル\Physics\Component\Body</Filter>
    </ClInclude>
    <ClInclude Include="Source\Physics\Component\Constraint\PointConstraintComponent.h">
      <Filter>ソース ファイル\Physics\Component\Constraint</Filter>
    </ClInclude>
    <ClInclude Include="Source\Physics\Struct\Collider\AABBBroadPhaseCollider.h">
      <Filter>ソース ファイル\Physics\Struct\Collider</Filter>
    </ClInclude>
    <ClInclude Include="Source\Physics\Constants\ConstraintConstants.h">
      <Filter>ソース ファイル\Physics\Constants</Filter>
    </ClInclude>
    <ClInclude Include="Source\Physics\Struct\Constraint\ConstraintID.h">
      <Filter>ソース ファイル\Physics\Struct\Constraint</Filter>
    </ClInclude>
    <ClInclude Include="Source\Physics\Struct\Constraint\ConstraintSlot.h">
      <Filter>ソース ファイル\Physics\Struct\Constraint</Filter>
    </ClInclude>
    <ClInclude Include="Source\Physics\Storage\Constraint\PointConstraintStorage.h">
      <Filter>ソース ファイル\Physics\Storage\Constraint</Filter>
    </ClInclude>
    <ClInclude Include="Source\Physics\System\Solver\SolverBodyCommitSystem.h">
      <Filter>ソース ファイル\Physics\System\Solver</Filter>
    </ClInclude>
    <ClInclude Include="Source\Physics\Component\Constraint\DistanceConstraintComponent.h">
      <Filter>ソース ファイル\Physics\Component\Constraint</Filter>
    </ClInclude>
    <ClInclude Include="Source\Physics\Storage\Constraint\DistanceConstraintStorage.h">
      <Filter>ソース ファイル\Physics\Storage\Constraint</Filter>
    </ClInclude>
    <ClInclude Include="Source\Objects\EmptyObject.h">
      <Filter>ソース ファイル\GameObject</Filter>
    </ClInclude>
    <ClInclude Include="Source\Physics\DebugRender\ConstraintDebugRenderingSystem.h">
      <Filter>ソース ファイル\Physics\DebugRender</Filter>
    </ClInclude>
    <ClInclude Include="Source\Physics\Storage\Buffer\CollisionManifoldBuffer.h">
      <Filter>ソース ファイル\Physics\Storage\Buffer</Filter>
    </ClInclude>
    <ClInclude Include="Source\Physics\Storage\Buffer\ConstraintBuffer.h">
      <Filter>ソース ファイル\Physics\Storage\Buffer</Filter>
    </ClInclude>
    <ClInclude Include="Source\Physics\Storage\Buffer\SolverBodyBuffer.h">
      <Filter>ソース ファイル\Physics\Storage\Buffer</Filter>
    </ClInclude>
    <ClInclude Include="Source\Physics\Storage\Buffer\PhysicsCommandBuffer.h">
      <Filter>ソース ファイル\Physics\Storage\Buffer</Filter>
    </ClInclude>
    <ClInclude Include="Source\Physics\Struct\Command\BodyUpdate.h">
      <Filter>ソース ファイル\Physics\Struct\Command</Filter>
    </ClInclude>
    <ClInclude Include="Source\Physics\Constants\CommandConstants.h">
      <Filter>ソース ファイル\Physics\Constants</Filter>
    </ClInclude>
    <ClInclude Include="Source\System\Adapter\Dxlib\DxlibConstants.h">
      <Filter>ソース ファイル\System\Adapter\Dxlib</Filter>
    </ClInclude>
    <ClInclude Include="Source\System\Adapter\Dxlib\DxlibConvert.h">
      <Filter>ソース ファイル\System\Adapter\Dxlib</Filter>
    </ClInclude>
    <ClInclude Include="Source\System\Adapter\Dxlib\DxlibInput.h">
      <Filter>ソース ファイル\System\Adapter\Dxlib</Filter>
    </ClInclude>
    <ClInclude Include="Source\System\Adapter\Dxlib\DxlibRenderer.h">
      <Filter>ソース ファイル\System\Adapter\Dxlib</Filter>
    </ClInclude>
    <ClInclude Include="Source\System\Adapter\Dxlib\DxlibSystem.h">
      <Filter>ソース ファイル\System\Adapter\Dxlib</Filter>
    </ClInclude>
    <ClInclude Include="Source\System\Factory\BackEndFactory.h">
      <Filter>ソース ファイル\System\Factory</Filter>
    </ClInclude>
    <ClInclude Include="Source\System\struct\BackEnd.h">
      <Filter>ソース ファイル\System\Struct</Filter>
    </ClInclude>
    <ClInclude Include="Source\Common\Interface\IGPUConnecter.h">
      <Filter>ソース ファイル\Common\Interface</Filter>
    </ClInclude>
    <ClInclude Include="Source\Common\Struct\ComputeShaderHandle.h">
      <Filter>ソース ファイル\Common\Struct</Filter>
    </ClInclude>
    <ClInclude Include="Source\Common\Struct\ShaderBufferHandle.h">
      <Filter>ソース ファイル\Common\Struct</Filter>
    </ClInclude>
    <ClInclude Include="Source\Physics\Component\Body\Soft\ClothComponent.h">
      <Filter>ソース ファイル\Physics\Component\Body\Soft</Filter>
    </ClInclude>
    <ClInclude Include="Source\Physics\Component\Body\Soft\RopeComponent.h">
      <Filter>ソース ファイル\Physics\Component\Body\Soft</Filter>
    </ClInclude>
    <ClInclude Include="Source\Physics\Component\Body\Soft\SoftBodyComponent.h">
      <Filter>ソース ファイル\Physics\Component\Body\Soft</Filter>
    </ClInclude>
    <ClInclude Include="Source\Physics\Storage\Body\Soft\ClothStorage.h">
      <Filter>ソース ファイル\Physics\Storage\Body\Soft</Filter>
    </ClInclude>
    <ClInclude Include="Source\Physics\Storage\Body\Soft\RopeStorage.h">
      <Filter>ソース ファイル\Physics\Storage\Body\Soft</Filter>
    </ClInclude>
    <ClInclude Include="Source\Physics\Storage\Body\Soft\SoftBodyStorage.h">
      <Filter>ソース ファイル\Physics\Storage\Body\Soft</Filter>
    </ClInclude>
    <ClInclude Include="Source\Physics\Struct\Body\Soft\SolveGPUMeta.h">
      <Filter>ソース ファイル\Physics\Struct\Body\Soft</Filter>
    </ClInclude>
    <ClInclude Include="Source\Physics\Constants\BodyConstants.h">
      <Filter>ソース ファイル\Physics\Constants</Filter>
    </ClInclude>
    <ClInclude Include="Source\Physics\Storage\Body\BodyStorage.h">
      <Filter>ソース ファイル\Physics\Storage\Body</Filter>
    </ClInclude>
    <ClInclude Include="Source\Physics\Storage\Body\Rigid\RigidBodyStorage.h">
      <Filter>ソース ファイル\Physics\Storage\Body\Rigid</Filter>
    </ClInclude>
    <ClInclude Include="Source\Physics\Struct\Body\Soft\RopeUpdateInfo.h">
      <Filter>ソース ファイル\Physics\Struct\Body\Soft</Filter>
    </ClInclude>
    <ClInclude Include="Source\Physics\Struct\Body\Soft\ClothUpdateInfo.h">
      <Filter>ソース ファイル\Physics\Struct\Body\Soft</Filter>
    </ClInclude>
    <ClInclude Include="Source\Physics\Struct\Body\Soft\SoftBodyUpdateInfo.h">
      <Filter>ソース ファイル\Physics\Struct\Body\Soft</Filter>
    </ClInclude>
    <ClInclude Include="Source\Physics\Storage\Component\Body\RigidBodyComponentStorage.h">
      <Filter>ソース ファイル\Physics\Storage\Component\Body</Filter>
    </ClInclude>
    <ClInclude Include="Source\Physics\Storage\Component\Collider\BoxColliderComponentStorage.h">
      <Filter>ソース ファイル\Physics\Storage\Component\Collider</Filter>
    </ClInclude>
    <ClInclude Include="Source\Physics\Storage\Component\Collider\SphereColliderComponentStorage.h">
      <Filter>ソース ファイル\Physics\Storage\Component\Collider</Filter>
    </ClInclude>
    <ClInclude Include="Source\Physics\Storage\Component\Constraint\DistanceConstraintComponentStorage.h">
      <Filter>ソース ファイル\Physics\Storage\Component\Constraint</Filter>
    </ClInclude>
    <ClInclude Include="Source\Physics\Storage\Component\Constraint\PointConstraintComponentStorage.h">
      <Filter>ソース ファイル\Physics\Storage\Component\Constraint</Filter>
    </ClInclude>
    <ClInclude Include="Source\Physics\Storage\Component\Body\Soft\RopeComponentStorage.h">
      <Filter>ソース ファイル\Physics\Storage\Component\Body\Soft</Filter>
    </ClInclude>
    <ClInclude Include="Source\Physics\Storage\Component\Body\Soft\ClothComponentStorage.h">
      <Filter>ソース ファイル\Physics\Storage\Component\Body\Soft</Filter>
    </ClInclude>
    <ClInclude Include="Source\Physics\Storage\Component\Body\Soft\SoftBodyComponentStorage.h">
      <Filter>ソース ファイル\Physics\Storage\Component\Body\Soft</Filter>
    </ClInclude>
    <ClInclude Include="Source\Common\Macro\StorageAccessorsMacros.h">
      <Filter>ソース ファイル\Common\Macro</Filter>
    </ClInclude>
    <ClInclude Include="Source\Common\Struct\GenerationalID.h">
      <Filter>ソース ファイル\Common\Struct</Filter>
    </ClInclude>
    <ClInclude Include="Source\Common\ECS\SparseSet\SparseIndex.h">
      <Filter>ソース ファイル\Common\ECS\SparseSet</Filter>
    </ClInclude>
    <ClInclude Include="Source\Common\ECS\SparseSet\SparseSet.h">
      <Filter>ソース ファイル\Common\ECS\SparseSet</Filter>
    </ClInclude>
    <ClInclude Include="Source\Common\ECS\SparseSet\Table\LinearTable.h">
      <Filter>ソース ファイル\Common\ECS\SparseSet\Table</Filter>
    </ClInclude>
    <ClInclude Include="Source\Common\ECS\SparseSet\Table\SparseSetTableInterface.h">
      <Filter>ソース ファイル\Common\ECS\SparseSet\Table</Filter>
    </ClInclude>
    <ClInclude Include="Source\Common\ECS\Storage\WorldStorage.h">
      <Filter>ソース ファイル\Common\ECS\Storage</Filter>
    </ClInclude>
    <ClInclude Include="Source\Common\ECS\Event\EventManager.h">
      <Filter>ソース ファイル\Common\ECS\Event</Filter>
    </ClInclude>
    <ClInclude Include="Source\Common\ECS\Event\EventQueue.h">
      <Filter>ソース ファイル\Common\ECS\Event</Filter>
    </ClInclude>
    <ClInclude Include="Source\Common\ECS\Event\EventSystem.h">
      <Filter>ソース ファイル\Common\ECS\Event</Filter>
    </ClInclude>
    <ClInclude Include="Source\Common\ECS\ComponentID.h">
      <Filter>ソース ファイル\Common\ECS</Filter>
    </ClInclude>
    <ClInclude Include="Source\Physics\Storage\PhysicsSlotPool.h">
      <Filter>ソース ファイル\Physics\Storage</Filter>
    </ClInclude>
    <ClInclude Include="Source\Physics\Storage\PhysicsStorageBase.h">
      <Filter>ソース ファイル\Physics\Storage</Filter>
    </ClInclude>
    <ClInclude Include="Source\Physics\Storage\Buffer\PhysicsBufferBase.h">
      <Filter>ソース ファイル\Physics\Storage\Buffer</Filter>
    </ClInclude>
    <ClInclude Include="Source\Common\ECS\SparseSet\Table\PageTable.h">
      <Filter>ソース ファイル\Common\ECS\SparseSet\Table</Filter>
    </ClInclude>
    <ClInclude Include="Source\Common\ECS\SparseSet\Table\HashTable.h">
      <Filter>ソース ファイル\Common\ECS\SparseSet\Table</Filter>
    </ClInclude>
    <ClInclude Include="Source\Physics\Component\Collider\CapsuleColliderComponent.h">
      <Filter>ソース ファイル\Physics\Component\Collider</Filter>
    </ClInclude>
    <ClInclude Include="Source\Physics\Storage\Component\Collider\CapsuleColliderComponentStorage.h">
      <Filter>ソース ファイル\Physics\Storage\Component\Collider</Filter>
    </ClInclude>
    <ClInclude Include="Source\Physics\Storage\Collider\CapsuleColliderStorage.h">
      <Filter>ソース ファイル\Physics\Storage\Collider</Filter>
    </ClInclude>
    <ClInclude Include="Source\Objects\DebugCapsule.h">
      <Filter>ソース ファイル\GameObject</Filter>
    </ClInclude>
    <ClInclude Include="Source\Common\Constants\CameraConstants.h">
      <Filter>ソース ファイル\Common\Constants</Filter>
    </ClInclude>
    <ClInclude Include="Source\System\struct\ViewPort.h">
      <Filter>ソース ファイル\System\Struct</Filter>
    </ClInclude>
    <ClInclude Include="Source\System\Adapter\Dxlib\DxlibGPUConnecter.h">
      <Filter>ソース ファイル\System\Adapter\Dxlib</Filter>
    </ClInclude>
    <ClInclude Include="Source\Common\ECS\Storage\ResourceStorage.h">
      <Filter>ソース ファイル\Common\ECS\Storage</Filter>
    </ClInclude>
    <ClInclude Include="Source\Common\ECS\Storage\HandlePool.h">
      <Filter>ソース ファイル\Common\ECS\Storage</Filter>
    </ClInclude>
    <ClInclude Include="Source\System\Adapter\Dxlib\Struct\DxlibShaderBufferResource.h">
      <Filter>ソース ファイル\System\Adapter\Dxlib\Struct</Filter>
    </ClInclude>
    <ClInclude Include="Source\Common\Struct\ShaderConstantBufferHandle.h">
      <Filter>ソース ファイル\Common\Struct</Filter>
    </ClInclude>
    <ClInclude Include="Source\Common\Struct\ModelHandle.h">
      <Filter>ソース ファイル\Common\Struct</Filter>
    </ClInclude>
    <ClInclude Include="Source\Common\Struct\TextureHandle.h">
      <Filter>ソース ファイル\Common\Struct</Filter>
    </ClInclude>
    <ClInclude Include="Source\Common\Struct\CubeTextureHandle.h">
      <Filter>ソース ファイル\Common\Struct</Filter>
    </ClInclude>
    <ClInclude Include="Source\Common\Struct\VertexShaderHandle.h">
      <Filter>ソース ファイル\Common\Struct</Filter>
    </ClInclude>
    <ClInclude Include="Source\Common\Struct\PixelShaderHandle.h">
      <Filter>ソース ファイル\Common\Struct</Filter>
    </ClInclude>
    <ClInclude Include="Source\System\Input\Struct\InputActionAssetData.h">
      <Filter>ソース ファイル\System\Input\Struct</Filter>
    </ClInclude>
    <ClInclude Include="Source\System\Input\InputAssetDataLoader.h">
      <Filter>ソース ファイル\System\Input</Filter>
    </ClInclude>
    <ClInclude Include="Source\System\Input\InputSystem.h">
      <Filter>ソース ファイル\System\Input</Filter>
    </ClInclude>
    <ClInclude Include="Source\System\Input\InputAssetDataLoadHelper.h">
      <Filter>ソース ファイル\System\Input</Filter>
    </ClInclude>
    <ClInclude Include="Source\System\Input\Struct\InputActionRuntimeData.h">
      <Filter>ソース ファイル\System\Input\Struct</Filter>
    </ClInclude>
    <ClInclude Include="Source\System\Input\Struct\InputValue.h">
      <Filter>ソース ファイル\System\Input\Struct</Filter>
    </ClInclude>
    <ClInclude Include="Source\Common\Constants\GamePadConstants.h">
      <Filter>ソース ファイル\Common\Constants</Filter>
    </ClInclude>
    <ClInclude Include="Source\Common\Constants\MouseConstants.h">
      <Filter>ソース ファイル\Common\Constants</Filter>
    </ClInclude>
    <ClInclude Include="Source\Common\Struct\GamePadState.h">
      <Filter>ソース ファイル\Common\Struct</Filter>
    </ClInclude>
    <ClInclude Include="Source\System\Input\InputActionContext.h">
      <Filter>ソース ファイル\System\Input</Filter>
    </ClInclude>
    <ClInclude Include="Source\System\Input\InputAction.h">
      <Filter>ソース ファイル\System\Input</Filter>
    </ClInclude>
    <ClInclude Include="Source\System\Input\Struct\InputInteractionEvents.h">
      <Filter>ソース ファイル\System\Input\Struct</Filter>
    </ClInclude>
    <ClInclude Include="Source\Physics\Struct\Ray\Ray.h">
      <Filter>ソース ファイル\Physics\Struct\Ray</Filter>
    </ClInclude>
    <ClInclude Include="Source\Physics\Struct\Ray\RayCastHitInfo.h">
      <Filter>ソース ファイル\Physics\Struct\Ray</Filter>
    </ClInclude>
    <ClInclude Include="Source\Physics\System\Query\PhysicsQuerySystem.h">
      <Filter>ソース ファイル\Physics\System\Query</Filter>
    </ClInclude>
    <ClInclude Include="Source\Physics\Function\RayCastFunction.h">
      <Filter>ソース ファイル\Physics\Function</Filter>
    </ClInclude>
    <ClInclude Include="Source\Physics\Storage\CharacterController\CharacterControllerStorage.h">
      <Filter>ソース ファイル\Physics\Storage\CharacterController</Filter>
    </ClInclude>
    <ClInclude Include="Source\Physics\Struct\CharacterController\CharacterControllerID.h">
      <Filter>ソース ファイル\Physics\Struct\CharacterController</Filter>
    </ClInclude>
    <ClInclude Include="Source\Physics\Storage\Component\CharacterController\CharacterControllerComponentStorage.h">
      <Filter>ソース ファイル\Physics\Storage\Component\CharacterController</Filter>
    </ClInclude>
    <ClInclude Include="Source\Physics\Component\CharacterController\CharacterControllerComponent.h">
      <Filter>ソース ファイル\Physics\Component\CharacterController</Filter>
    </ClInclude>
    <ClInclude Include="Source\Physics\System\Update\CharacterControllerSystem.h">
      <Filter>ソース ファイル\Physics\System\Update</Filter>
    </ClInclude>
    <ClInclude Include="Source\Physics\Struct\Ray\RayCastQueryHitInfo.h">
      <Filter>ソース ファイル\Physics\Struct\Ray</Filter>
    </ClInclude>
    <ClInclude Include="Source\Physics\Constants\CharacterControllerConstants.h">
      <Filter>ソース ファイル\Physics\Constants</Filter>
    </ClInclude>
    <ClInclude Include="Source\Objects\Player.h">
      <Filter>ソース ファイル\GameObject</Filter>
    </ClInclude>
    <ClInclude Include="Source\Physics\DebugRender\ColliderDebugRenderingSystem.h">
      <Filter>ソース ファイル\Physics\DebugRender</Filter>
    </ClInclude>
    <ClInclude Include="Source\Render\Component\CameraComponent.h">
      <Filter>ソース ファイル\Render\Component</Filter>
    </ClInclude>
    <ClInclude Include="Source\Render\Component\CameraRigComponent.h">
      <Filter>ソース ファイル\Render\Component</Filter>
    </ClInclude>
    <ClInclude Include="Source\Render\Component\RendererComponent.h">
      <Filter>ソース ファイル\Render\Component</Filter>
    </ClInclude>
    <ClInclude Include="Source\Render\System\ModelRenderingSystem.h">
      <Filter>ソース ファイル\Render\System</Filter>
    </ClInclude>
    <ClInclude Include="Source\Render\System\SkyRenderingSystem.h">
      <Filter>ソース ファイル\Render\System</Filter>
    </ClInclude>
    <ClInclude Include="Source\Render\Storage\CameraComponentStorage.h">
      <Filter>ソース ファイル\Render\Storage</Filter>
    </ClInclude>
    <ClInclude Include="Source\Render\Storage\RendererComponentStorage.h">
      <Filter>ソース ファイル\Render\Storage</Filter>
    </ClInclude>
    <ClInclude Include="Source\Common\Constants\SceneConstants.h">
      <Filter>ソース ファイル\Common\Constants</Filter>
    </ClInclude>
    <ClInclude Include="Source\Render\Storage\CameraRigComponentStorage.h">
      <Filter>ソース ファイル\Render\Storage</Filter>
    </ClInclude>
    <ClInclude Include="Source\Common\BaseClass\LateUpdateSystem.h">
      <Filter>ソース ファイル\Common\BaseClass</Filter>
    </ClInclude>
    <ClInclude Include="Source\Render\System\CameraBindSystem.h">
      <Filter>ソース ファイル\Render\System</Filter>
    </ClInclude>
    <ClInclude Include="Source\Render\System\CameraRigSystem.h">
      <Filter>ソース ファイル\Render\System</Filter>
    </ClInclude>
    <ClInclude Include="Source\Animation\AnimationWorld.h">
      <Filter>ソース ファイル\Animation</Filter>
    </ClInclude>
    <ClInclude Include="Source\Animation\Component\RagdollComponent.h">
      <Filter>ソース ファイル\Animation\Component</Filter>
    </ClInclude>
    <ClInclude Include="Source\Animation\Storage\Component\RagdollComponentStorage.h">
      <Filter>ソース ファイル\Animation\Storage\Component</Filter>
    </ClInclude>
    <ClInclude Include="Source\Physics\Struct\Constraint\ConstraintTuning.h">
      <Filter>ソース ファイル\Physics\Struct\Constraint</Filter>
    </ClInclude>
    <ClInclude Include="Source\Animation\Storage\Buffer\PoseBuffer.h">
      <Filter>ソース ファイル\Animation\Storage\Buffer</Filter>
    </ClInclude>
    <ClInclude Include="Source\Common\Macro\SingletonMacros.h">
      <Filter>ソース ファイル\Common\Macro</Filter>
    </ClInclude>
    <ClInclude Include="Source\Render\Renderer.h">
      <Filter>ソース ファイル\Render</Filter>
    </ClInclude>
    <ClInclude Include="Source\Common\Struct\Material.h">
      <Filter>ソース ファイル\Common\Struct</Filter>
    </ClInclude>
    <ClInclude Include="Source\Physics\System\Build\BodySnapshotBuildSystem.h">
      <Filter>ソース ファイル\Physics\System\Build</Filter>
    </ClInclude>
    <ClInclude Include="Source\Physics\Storage\Buffer\BodySnapshotBuffer.h">
      <Filter>ソース ファイル\Physics\Storage\Buffer</Filter>
    </ClInclude>
    <ClInclude Include="Source\Physics\System\Sync\ApplyPhysicsCommandBufferSystem.h">
      <Filter>ソース ファイル\Physics\System\Sync</Filter>
    </ClInclude>
    <ClInclude Include="Source\Physics\Struct\SnapShot\RigidBodySnapshot.h">
      <Filter>ソース ファイル\Physics\Struct\SnapShot</Filter>
    </ClInclude>
    <ClInclude Include="Source\Physics\Struct\SnapShot\RigidBodySnapshotFrame.h">
      <Filter>ソース ファイル\Physics\Struct\SnapShot</Filter>
    </ClInclude>
    <ClInclude Include="Source\Animation\Struct\Ragdoll\Ragdoll.h">
      <Filter>ソース ファイル\Animation\Struct\Ragdoll</Filter>
    </ClInclude>
    <ClInclude Include="Source\Animation\Struct\Ragdoll\RagdollBodyLink.h">
      <Filter>ソース ファイル\Animation\Struct\Ragdoll</Filter>
    </ClInclude>
    <ClInclude Include="Source\Animation\Struct\Skeleton\SkeletonInstanceData.h">
      <Filter>ソース ファイル\Animation\Struct\Skeleton</Filter>
    </ClInclude>
    <ClInclude Include="Source\Common\Struct\SkeletonData.h">
      <Filter>ソース ファイル\Common\Struct</Filter>
    </ClInclude>
    <ClInclude Include="Source\Common\ECS\Storage\DataStorageBase.h">
      <Filter>ソース ファイル\Common\ECS\Storage</Filter>
    </ClInclude>
    <ClInclude Include="Source\Common\ECS\Storage\DataStorage\DataStorageBase.h">
      <Filter>ソース ファイル\Common\ECS\Storage\DataStorage</Filter>
    </ClInclude>
    <ClInclude Include="Source\Common\ECS\Storage\DataStorage\SlotPool.h">
      <Filter>ソース ファイル\Common\ECS\Storage\DataStorage</Filter>
    </ClInclude>
    <ClInclude Include="Source\Common\ECS\Storage\Component\ComponentIDPool.h">
      <Filter>ソース ファイル\Common\ECS\Storage\Component</Filter>
    </ClInclude>
    <ClInclude Include="Source\Common\ECS\Storage\Component\ComponentStorageBase.h">
      <Filter>ソース ファイル\Common\ECS\Storage\Component</Filter>
    </ClInclude>
    <ClInclude Include="Source\Common\ECS\Storage\Component\ComponentView.h">
      <Filter>ソース ファイル\Common\ECS\Storage\Component</Filter>
    </ClInclude>
    <ClInclude Include="Source\Common\ECS\Storage\Component\MultiComponentStorageBase.h">
      <Filter>ソース ファイル\Common\ECS\Storage\Component</Filter>
    </ClInclude>
    <ClInclude Include="Source\Common\ECS\Storage\Component\UniqueComponentStorageBase.h">
      <Filter>ソース ファイル\Common\ECS\Storage\Component</Filter>
    </ClInclude>
    <ClInclude Include="Source\Common\ECS\Storage\DataStorage\Slot.h">
      <Filter>ソース ファイル\Common\ECS\Storage\DataStorage</Filter>
    </ClInclude>
    <ClInclude Include="Source\Animation\Storage\Ragdoll\RagdollStorage.h">
      <Filter>ソース ファイル\Animation\Storage\Ragdoll</Filter>
    </ClInclude>
    <ClInclude Include="Source\Animation\Storage\Skeleton\SkeletonInstanceStorage.h">
      <Filter>ソース ファイル\Animation\Storage\Skeleton</Filter>
    </ClInclude>
    <ClInclude Include="Source\Animation\System\Sync\AnimationCommitSystem.h">
      <Filter>ソース ファイル\Animation\System\Sync</Filter>
    </ClInclude>
    <ClInclude Include="Source\Animation\System\Sync\AnimationSyncSystem.h">
      <Filter>ソース ファイル\Animation\System\Sync</Filter>
    </ClInclude>
    <ClInclude Include="Source\Physics\API\PhysicsAPI.h">
      <Filter>ソース ファイル\Physics\API</Filter>
    </ClInclude>
    <ClInclude Include="Source\Physics\API\PhysicsComponentAPI.h">
      <Filter>ソース ファイル\Physics\API</Filter>
    </ClInclude>
    <ClInclude Include="Source\Physics\System\Collision\Simplex.h">
      <Filter>ソース ファイル\Physics\System\Collision</Filter>
    </ClInclude>
    <ClInclude Include="Source\Physics\Constants\SyncConstants.h">
      <Filter>ソース ファイル\Physics\Constants</Filter>
    </ClInclude>
    <ClInclude Include="Source\Animation\Struct\Ragdoll\RagdollID.h">
      <Filter>ソース ファイル\Animation\Struct\Ragdoll</Filter>
    </ClInclude>
    <ClInclude Include="Source\Animation\Struct\Skeleton\SkeletonID.h">
      <Filter>ソース ファイル\Animation\Struct\Skeleton</Filter>
    </ClInclude>
    <ClInclude Include="Source\Animation\System\Update\RagdollSystem.h">
      <Filter>ソース ファイル\Animation\System\Update</Filter>
    </ClInclude>
    <ClInclude Include="Source\Animation\API\AnimationComponentAPI.h">
      <Filter>ソース ファイル\Animation\API</Filter>
    </ClInclude>
    <ClInclude Include="Source\Animation\Constants\RagdollConstants.h">
      <Filter>ソース ファイル\Animation\Constants</Filter>
    </ClInclude>
    <ClInclude Include="Source\Animation\Struct\Ragdoll\RagdollDefinition.h">
      <Filter>ソース ファイル\Animation\Struct\Ragdoll</Filter>
    </ClInclude>
    <ClInclude Include="Source\Animation\Struct\Ragdoll\RagdollBodyDefinition.h">
      <Filter>ソース ファイル\Animation\Struct\Ragdoll</Filter>
    </ClInclude>
    <ClInclude Include="Source\Animation\Struct\Ragdoll\RagdollJointDefinition.h">
      <Filter>ソース ファイル\Animation\Struct\Ragdoll</Filter>
    </ClInclude>
    <ClInclude Include="Source\Animation\Struct\Ragdoll\RagdollColliderDefinition.h">
      <Filter>ソース ファイル\Animation\Struct\Ragdoll</Filter>
    </ClInclude>
    <ClInclude Include="Source\Physics\Storage\Constraint\AngleLimitPointConstraintStorage.h">
      <Filter>ソース ファイル\Physics\Storage\Constraint</Filter>
    </ClInclude>
    <ClInclude Include="Source\Physics\Storage\Constraint\HingeConstraintStorage.h">
      <Filter>ソース ファイル\Physics\Storage\Constraint</Filter>
    </ClInclude>
    <ClInclude Include="Source\Physics\Storage\Constraint\AngleLimitHingeConstraintStorage.h">
      <Filter>ソース ファイル\Physics\Storage\Constraint</Filter>
    </ClInclude>
    <ClInclude Include="Source\Physics\Component\Constraint\AngleLimitPointConstraintComponent.h">
      <Filter>ソース ファイル\Physics\Component\Constraint</Filter>
    </ClInclude>
    <ClInclude Include="Source\Physics\Component\Constraint\HingeConstraintComponent.h">
      <Filter>ソース ファイル\Physics\Component\Constraint</Filter>
    </ClInclude>
    <ClInclude Include="Source\Physics\Component\Constraint\AngleLimitHingeConstraintComponent.h">
      <Filter>ソース ファイル\Physics\Component\Constraint</Filter>
    </ClInclude>
    <ClInclude Include="Source\Physics\Storage\Component\Constraint\AngleLimitPointConstraintComponentStorage.h">
      <Filter>ソース ファイル\Physics\Storage\Component\Constraint</Filter>
    </ClInclude>
    <ClInclude Include="Source\Physics\Storage\Component\Constraint\HingeConstraintComponentStorage.h">
      <Filter>ソース ファイル\Physics\Storage\Component\Constraint</Filter>
    </ClInclude>
    <ClInclude Include="Source\Physics\Storage\Component\Constraint\AngleLimitHingeConstraintComponentStorage.h">
      <Filter>ソース ファイル\Physics\Storage\Component\Constraint</Filter>
    </ClInclude>
    <ClInclude Include="Source\Physics\Component\Constraint\Base\ConstraintComponentBase.h">
      <Filter>ソース ファイル\Physics\Component\Constraint\Base</Filter>
    </ClInclude>
    <ClInclude Include="Source\Animation\Struct\Ragdoll\RagdollJointAngleLimitDefinition.h">
      <Filter>ソース ファイル\Animation\Struct\Ragdoll</Filter>
    </ClInclude>
    <ClInclude Include="Source\Physics\Struct\Constraint\Constraint\AngleLimitHingeConstraint.h">
      <Filter>ソース ファイル\Physics\Struct\Constraint\Constraint</Filter>
    </ClInclude>
    <ClInclude Include="Source\Physics\Struct\Constraint\Constraint\AngleLimitPointConstraint.h">
      <Filter>ソース ファイル\Physics\Struct\Constraint\Constraint</Filter>
    </ClInclude>
    <ClInclude Include="Source\Physics\Struct\Constraint\Constraint\ContactConstraint.h">
      <Filter>ソース ファイル\Physics\Struct\Constraint\Constraint</Filter>
    </ClInclude>
    <ClInclude Include="Source\Physics\Struct\Constraint\Constraint\DistanceConstraint.h">
      <Filter>ソース ファイル\Physics\Struct\Constraint\Constraint</Filter>
    </ClInclude>
    <ClInclude Include="Source\Physics\Struct\Constraint\Constraint\HingeConstraint.h">
      <Filter>ソース ファイル\Physics\Struct\Constraint\Constraint</Filter>
    </ClInclude>
    <ClInclude Include="Source\Physics\Struct\Constraint\Constraint\PointConstraint.h">
      <Filter>ソース ファイル\Physics\Struct\Constraint\Constraint</Filter>
    </ClInclude>
    <ClInclude Include="Source\Physics\Struct\Constraint\Constraint\LimitedBallJointConstraint.h">
      <Filter>ソース ファイル\Physics\Struct\Constraint\Constraint</Filter>
    </ClInclude>
    <ClInclude Include="Source\Physics\Storage\Constraint\LimitedBallJointConstraintStorage.h">
      <Filter>ソース ファイル\Physics\Storage\Constraint</Filter>
    </ClInclude>
    <ClInclude Include="Source\Physics\Component\Constraint\LimitedBallJointConstraintComponent.h">
      <Filter>ソース ファイル\Physics\Component\Constraint</Filter>
    </ClInclude>
    <ClInclude Include="Source\Physics\Storage\Component\Constraint\LimitedBallJointConstraintComponentStorage.h">
      <Filter>ソース ファイル\Physics\Storage\Component\Constraint</Filter>
    </ClInclude>
    <ClInclude Include="Source\Physics\Struct\Constraint\EndPoint\EndPointFrame.h">
      <Filter>ソース ファイル\Physics\Struct\Constraint\EndPoint</Filter>
    </ClInclude>
    <ClInclude Include="Source\Common\Macro\AssertMacros.h">
      <Filter>ソース ファイル\Common\Macro</Filter>
    </ClInclude>
    <ClInclude Include="Source\Animation\Load\Ragdoll\RagdollLoader.h">
      <Filter>ソース ファイル\Animation\Load\Ragdoll</Filter>
    </ClInclude>
    <ClInclude Include="Source\Animation\Load\Ragdoll\RagdollLoaderHelper.h">
      <Filter>ソース ファイル\Animation\Load\Ragdoll</Filter>
    </ClInclude>
    <ClInclude Include="Source\Objects\DebugRagdoll.h">
      <Filter>ソース ファイル\GameObject</Filter>
    </ClInclude>
    <ClInclude Include="Source\Common\Struct\SkeletonHandle.h">
      <Filter>ソース ファイル\Common\Struct</Filter>
    </ClInclude>
    <ClInclude Include="Source\Physics\Struct\Collider\CollisionFilter.h">
      <Filter>ソース ファイル\Physics\Struct\Collision</Filter>
    </ClInclude>
    <ClInclude Include="Source\Animation\Storage\Ragdoll\ActiveRagdollStorage.h">
      <Filter>ソース ファイル\Animation\Storage\Ragdoll</Filter>
    </ClInclude>
    <ClInclude Include="Source\Animation\System\Update\ActiveRagdollSystem.h">
      <Filter>ソース ファイル\Animation\System\Update</Filter>
    </ClInclude>
    <ClInclude Include="Source\Animation\System\Update\TargetPoseSystem.h">
      <Filter>ソース ファイル\Animation\System\Update</Filter>
    </ClInclude>
    <ClInclude Include="Source\Physics\Struct\Constraint\Constraint\JointDriveConstraint.h">
      <Filter>ソース ファイル\Physics\Struct\Constraint\Constraint</Filter>
    </ClInclude>
    <ClInclude Include="Source\Physics\Storage\Constraint\JointDriveConstraintStorage.h">
      <Filter>ソース ファイル\Physics\Storage\Constraint</Filter>
    </ClInclude>
    <ClInclude Include="Source\Animation\Struct\Ragdoll\Active\ActiveRagdollID.h">
      <Filter>ソース ファイル\Animation\Struct\Ragdoll\Active</Filter>
    </ClInclude>
    <ClInclude Include="Source\Animation\Struct\Ragdoll\Active\ActiveRagdoll.h">
      <Filter>ソース ファイル\Animation\Struct\Ragdoll\Active</Filter>
    </ClInclude>
    <ClInclude Include="Source\Animation\Component\ActiveRagdollComponent.h">
      <Filter>ソース ファイル\Animation\Component</Filter>
    </ClInclude>
    <ClInclude Include="Source\Animation\Storage\Component\ActiveRagdollComponentStorage.h">
      <Filter>ソース ファイル\Animation\Storage\Component</Filter>
    </ClInclude>
    <ClInclude Include="Source\Objects\DebugActiveRagdoll.h">
      <Filter>ソース ファイル\GameObject</Filter>
    </ClInclude>
    <ClInclude Include="Source\System\Scenes\DebugScene.h">
      <Filter>ソース ファイル\System\Scene</Filter>
    </ClInclude>
    <ClInclude Include="Source\Animation\Struct\Skeleton\PoseLayer.h">
      <Filter>ソース ファイル\Animation\Struct\Skeleton</Filter>
    </ClInclude>
    <ClInclude Include="Source\Animation\Struct\Skeleton\BoneMask.h">
      <Filter>ソース ファイル\Animation\Struct\Skeleton</Filter>
    </ClInclude>
    <ClInclude Include="Source\Animation\Function\PoseMixer.h">
      <Filter>ソース ファイル\Animation\Function</Filter>
    </ClInclude>
    <ClInclude Include="Source\Animation\System\Update\BaseAnimationSystem.h">
      <Filter>ソース ファイル\Animation\System\Update</Filter>
    </ClInclude>
    <ClInclude Include="Source\Animation\Storage\Animation\AnimationStorage.h">
      <Filter>ソース ファイル\Animation\Storage\Animation</Filter>
    </ClInclude>
    <ClInclude Include="Source\Common\Struct\AnimationHandle.h">
      <Filter>ソース ファイル\Common\Struct</Filter>
    </ClInclude>
    <ClInclude Include="Source\Animation\Struct\Animation\AnimationID.h">
      <Filter>ソース ファイル\Animation\Struct\Animation</Filter>
    </ClInclude>
    <ClInclude Include="Source\Animation\Struct\Animation\AnimationInstanceData.h">
      <Filter>ソース ファイル\Animation\Struct\Animation</Filter>
    </ClInclude>
    <ClInclude Include="Source\Animation\Struct\Skeleton\PoseLayerID.h">
      <Filter>ソース ファイル\Animation\Struct\Skeleton</Filter>
    </ClInclude>
    <ClInclude Include="Source\Animation\Storage\Skeleton\PoseLayerStorage.h">
      <Filter>ソース ファイル\Animation\Storage\Skeleton</Filter>
    </ClInclude>
    <ClInclude Include="Source\Animation\Component\AnimationComponent.h">
      <Filter>ソース ファイル\Animation\Component</Filter>
    </ClInclude>
    <ClInclude Include="Source\Animation\Storage\Component\AnimationComponentStorage.h">
      <Filter>ソース ファイル\Animation\Storage\Component</Filter>
    </ClInclude>
    <ClInclude Include="Source\Animation\Load\Skeleton\BoneMaskLoader.h">
      <Filter>ソース ファイル\Animation\Load\Skeleton</Filter>
    </ClInclude>
    <ClInclude Include="Source\Animation\Load\Skeleton\BoneMaskLoaderHelper.h">
      <Filter>ソース ファイル\Animation\Load\Skeleton</Filter>
    </ClInclude>
    <ClInclude Include="Source\Animation\Storage\IK\TwoBoneIKStorage.h">
      <Filter>ソース ファイル\Animation\Storage\IK</Filter>
    </ClInclude>
    <ClInclude Include="Source\Animation\System\Solver\IKSolverSystem.h">
      <Filter>ソース ファイル\Animation\System\Solver</Filter>
    </ClInclude>
    <ClInclude Include="Source\Animation\Struct\IK\IKID.h">
      <Filter>ソース ファイル\Animation\Struct\IK</Filter>
    </ClInclude>
  </ItemGroup>
  <ItemGroup>
    <ClCompile Include="Source\System\Scenes\DebugScene.cpp">
      <Filter>ソース ファイル\System\Scene</Filter>
    </ClCompile>
    <ClCompile Include="Source\Common\BaseClass\SceneBase\SceneBase.cpp">
      <Filter>ソース ファイル\Common\BaseClass\SceneBase</Filter>
    </ClCompile>
    <ClCompile Include="Source\Common\Math\Matrix\MatGenerateFunc.cpp">
      <Filter>ソース ファイル\Common\Math\Matrix</Filter>
    </ClCompile>
    <ClCompile Include="Source\Common\Math\Matrix\Matrix.cpp">
      <Filter>ソース ファイル\Common\Math\Matrix</Filter>
    </ClCompile>
    <ClCompile Include="Source\Common\Math\Quaternion\Quaternion.cpp">
      <Filter>ソース ファイル\Common\Math\Quaternion</Filter>
    </ClCompile>
    <ClCompile Include="Source\Common\Math\Vector\SIMD\SIMDVectorMath.cpp">
      <Filter>ソース ファイル\Common\Math\Vector\SIMD</Filter>
    </ClCompile>
    <ClCompile Include="Source\Common\Math\Vector\Vector2\Vector2.cpp">
      <Filter>ソース ファイル\Common\Math\Vector\Vector2</Filter>
    </ClCompile>
    <ClCompile Include="Source\Common\Math\Vector\Vector2\Vector2Int.cpp">
      <Filter>ソース ファイル\Common\Math\Vector\Vector2</Filter>
    </ClCompile>
    <ClCompile Include="Source\Common\Math\Vector\Vector3\Vector3.cpp">
      <Filter>ソース ファイル\Common\Math\Vector\Vector3</Filter>
    </ClCompile>
    <ClCompile Include="Source\Common\Math\Vector\Vector3\Vector3Int.cpp">
      <Filter>ソース ファイル\Common\Math\Vector\Vector3</Filter>
    </ClCompile>
    <ClCompile Include="Source\Common\Math\Transform\Transform.cpp">
      <Filter>ソース ファイル\Common\Math\Transform</Filter>
    </ClCompile>
    <ClCompile Include="Source\System\Manager\ApplicationManager.cpp">
      <Filter>ソース ファイル\System\Manager</Filter>
    </ClCompile>
    <ClCompile Include="Source\System\Manager\ObjectManager.cpp">
      <Filter>ソース ファイル\System\Manager</Filter>
    </ClCompile>
    <ClCompile Include="Source\System\Manager\ResourceManager.cpp">
      <Filter>ソース ファイル\System\Manager</Filter>
    </ClCompile>
    <ClCompile Include="Source\System\Manager\SceneManager.cpp">
      <Filter>ソース ファイル\System\Manager</Filter>
    </ClCompile>
    <ClCompile Include="Source\System\Manager\TimeManager.cpp">
      <Filter>ソース ファイル\System\Manager</Filter>
    </ClCompile>
    <ClCompile Include="Source\Main.cpp">
      <Filter>ソース ファイル</Filter>
    </ClCompile>
    <ClCompile Include="Source\Objects\DebugSphere.cpp">
      <Filter>ソース ファイル\GameObject</Filter>
    </ClCompile>
    <ClCompile Include="Source\Physics\System\Collision\CollisionSystem.cpp">
      <Filter>ソース ファイル\Physics\System\Collision</Filter>
    </ClCompile>
    <ClCompile Include="Source\Physics\System\Update\RigidBodySystem.cpp">
      <Filter>ソース ファイル\Physics\System\Update</Filter>
    </ClCompile>
    <ClCompile Include="Source\Common\ECS\SystemManager.cpp">
      <Filter>ソース ファイル\Common\ECS</Filter>
    </ClCompile>
    <ClCompile Include="Source\Physics\PhysicsWorld.cpp">
      <Filter>ソース ファイル\Physics</Filter>
    </ClCompile>
    <ClCompile Include="Source\Objects\DebugBox.cpp">
      <Filter>ソース ファイル\GameObject</Filter>
    </ClCompile>
    <ClCompile Include="Source\Physics\Storage\Collider\ColliderStorage.cpp">
      <Filter>ソース ファイル\Physics\Storage\Collider</Filter>
    </ClCompile>
    <ClCompile Include="Source\Physics\System\Update\AABBUpdateSystem.cpp">
      <Filter>ソース ファイル\Physics\System\Update</Filter>
    </ClCompile>
    <ClCompile Include="Source\Physics\System\Collision\NarrowPhasePairBuilder.cpp">
      <Filter>ソース ファイル\Physics\System\Collision</Filter>
    </ClCompile>
    <ClCompile Include="Source\Physics\System\Sync\PhysicsCommitSystem.cpp">
      <Filter>ソース ファイル\Physics\System\Sync</Filter>
    </ClCompile>
    <ClCompile Include="Source\Physics\System\Sync\SynchronizationSystem.cpp">
      <Filter>ソース ファイル\Physics\System\Sync</Filter>
    </ClCompile>
    <ClCompile Include="Source\Physics\Storage\Transform\PhysicsTransformStorage.cpp">
      <Filter>ソース ファイル\Physics\Storage\Transform</Filter>
    </ClCompile>
    <ClCompile Include="Source\Common\Math\Vector\Vector4\Vector4.cpp">
      <Filter>ソース ファイル\Common\Math\Vector\Vector4</Filter>
    </ClCompile>
    <ClCompile Include="Source\Common\Math\NamericalAnalysis\NamericalAnalysis.cpp">
      <Filter>ソース ファイル\Common\Math\NamericalAnalysis</Filter>
    </ClCompile>
    <ClCompile Include="Source\Physics\Function\ContactFunction.cpp">
      <Filter>ソース ファイル\Physics\Function</Filter>
    </ClCompile>
    <ClCompile Include="Source\Physics\Function\ManifoldFunction.cpp">
      <Filter>ソース ファイル\Physics\Function</Filter>
    </ClCompile>
    <ClCompile Include="Source\System\SceneData\SceneDataLoader.cpp">
      <Filter>ソース ファイル\System\SceneData</Filter>
    </ClCompile>
    <ClCompile Include="Source\System\SceneData\JsonLoadHelperFunc.cpp">
      <Filter>ソース ファイル\System\SceneData</Filter>
    </ClCompile>
    <ClCompile Include="Source\System\Factory\ObjectFactory.cpp">
      <Filter>ソース ファイル\System\Factory</Filter>
    </ClCompile>
    <ClCompile Include="Source\System\Factory\ComponentFactory.cpp">
      <Filter>ソース ファイル\System\Factory</Filter>
    </ClCompile>
    <ClCompile Include="Source\Physics\Function\GJKEPA.cpp">
      <Filter>ソース ファイル\Physics\Function</Filter>
    </ClCompile>
    <ClCompile Include="Source\Physics\System\Solver\ConstraintSolverSystem.cpp">
      <Filter>ソース ファイル\Physics\System\Solver</Filter>
    </ClCompile>
    <ClCompile Include="Source\Physics\System\Solver\CollisionSolverSystem.cpp">
      <Filter>ソース ファイル\Physics\System\Solver</Filter>
    </ClCompile>
    <ClCompile Include="Source\Physics\System\Build\ConstraintBuildSystem.cpp">
      <Filter>ソース ファイル\Physics\System\Build</Filter>
    </ClCompile>
    <ClCompile Include="Source\Physics\System\Build\SolverBodyBuildSystem.cpp">
      <Filter>ソース ファイル\Physics\System\Build</Filter>
    </ClCompile>
    <ClCompile Include="Source\Physics\Storage\Constraint\ConstraintStorage.cpp">
      <Filter>ソース ファイル\Physics\Storage\Constraint</Filter>
    </ClCompile>
    <ClCompile Include="Source\Physics\Component\Collider\SphereColliderComponent.cpp">
      <Filter>ソース ファイル\Physics\Component\Collider</Filter>
    </ClCompile>
    <ClCompile Include="Source\Physics\Component\Collider\BoxColliderComponent.cpp">
      <Filter>ソース ファイル\Physics\Component\Collider</Filter>
    </ClCompile>
    <ClCompile Include="Source\Physics\Component\Body\RigidBodyComponent.cpp">
      <Filter>ソース ファイル\Physics\Component\Body</Filter>
    </ClCompile>
    <ClCompile Include="Source\Physics\Component\Constraint\PointConstraintComponent.cpp">
      <Filter>ソース ファイル\Physics\Component\Constraint</Filter>
    </ClCompile>
    <ClCompile Include="Source\Physics\System\Solver\SolverBodyCommitSystem.cpp">
      <Filter>ソース ファイル\Physics\System\Solver</Filter>
    </ClCompile>
    <ClCompile Include="Source\Physics\Component\Constraint\DistanceConstraintComponent.cpp">
      <Filter>ソース ファイル\Physics\Component\Constraint</Filter>
    </ClCompile>
    <ClCompile Include="Source\Objects\EmptyObject.cpp">
      <Filter>ソース ファイル\GameObject</Filter>
    </ClCompile>
    <ClCompile Include="Source\Physics\DebugRender\ConstraintDebugRenderingSystem.cpp">
      <Filter>ソース ファイル\Physics\DebugRender</Filter>
    </ClCompile>
    <ClCompile Include="Source\Physics\Storage\Buffer\PhysicsCommandBuffer.cpp">
      <Filter>ソース ファイル\Physics\Storage\Buffer</Filter>
    </ClCompile>
    <ClCompile Include="Source\System\Adapter\Dxlib\DxlibInput.cpp">
      <Filter>ソース ファイル\System\Adapter\Dxlib</Filter>
    </ClCompile>
    <ClCompile Include="Source\System\Adapter\Dxlib\DxlibRenderer.cpp">
      <Filter>ソース ファイル\System\Adapter\Dxlib</Filter>
    </ClCompile>
    <ClCompile Include="Source\System\Adapter\Dxlib\DxlibSystem.cpp">
      <Filter>ソース ファイル\System\Adapter\Dxlib</Filter>
    </ClCompile>
    <ClCompile Include="Source\System\Factory\BackEndFactory.cpp">
      <Filter>ソース ファイル\System\Factory</Filter>
    </ClCompile>
    <ClCompile Include="Source\Physics\Component\Body\Soft\ClothComponent.cpp">
      <Filter>ソース ファイル\Physics\Component\Body\Soft</Filter>
    </ClCompile>
    <ClCompile Include="Source\Physics\Component\Body\Soft\RopeComponent.cpp">
      <Filter>ソース ファイル\Physics\Component\Body\Soft</Filter>
    </ClCompile>
    <ClCompile Include="Source\Physics\Component\Body\Soft\SoftBodyComponent.cpp">
      <Filter>ソース ファイル\Physics\Component\Body\Soft</Filter>
    </ClCompile>
    <ClCompile Include="Source\Physics\Storage\Body\Rigid\RigidBodyStorage.cpp">
      <Filter>ソース ファイル\Physics\Storage\Body\Rigid</Filter>
    </ClCompile>
    <ClCompile Include="Source\Physics\Storage\Body\BodyStorage.cpp">
      <Filter>ソース ファイル\Physics\Storage\Body</Filter>
    </ClCompile>
    <ClCompile Include="Source\Physics\Storage\Component\Body\RigidBodyComponentStorage.cpp">
      <Filter>ソース ファイル\Physics\Storage\Component\Body</Filter>
    </ClCompile>
    <ClCompile Include="Source\Physics\Storage\Component\Body\Soft\RopeComponentStorage.cpp">
      <Filter>ソース ファイル\Physics\Storage\Component\Body\Soft</Filter>
    </ClCompile>
    <ClCompile Include="Source\Physics\Storage\Component\Body\Soft\ClothComponentStorage.cpp">
      <Filter>ソース ファイル\Physics\Storage\Component\Body\Soft</Filter>
    </ClCompile>
    <ClCompile Include="Source\Physics\Storage\Component\Body\Soft\SoftBodyComponentStorage.cpp">
      <Filter>ソース ファイル\Physics\Storage\Component\Body\Soft</Filter>
    </ClCompile>
    <ClCompile Include="Source\Common\ECS\SparseSet\Table\LinearTable.cpp">
      <Filter>ソース ファイル\Common\ECS\SparseSet\Table</Filter>
    </ClCompile>
    <ClCompile Include="Source\Common\ECS\Event\EventSystem.cpp">
      <Filter>ソース ファイル\Common\ECS\Event</Filter>
    </ClCompile>
    <ClCompile Include="Source\Common\ECS\SparseSet\Table\HashTable.cpp">
      <Filter>ソース ファイル\Common\ECS\SparseSet\Table</Filter>
    </ClCompile>
    <ClCompile Include="Source\Physics\Component\Collider\CapsuleColliderComponent.cpp">
      <Filter>ソース ファイル\Physics\Component\Collider</Filter>
    </ClCompile>
    <ClCompile Include="Source\Physics\Storage\Component\Collider\SphereColliderComponentStorage.cpp">
      <Filter>ソース ファイル\Physics\Storage\Component\Collider</Filter>
    </ClCompile>
    <ClCompile Include="Source\Physics\Storage\Component\Collider\BoxColliderComponentStorage.cpp">
      <Filter>ソース ファイル\Physics\Storage\Component\Collider</Filter>
    </ClCompile>
    <ClCompile Include="Source\Common\Math\GeometryUtility.cpp">
      <Filter>ソース ファイル\Common\Math</Filter>
    </ClCompile>
    <ClCompile Include="Source\Physics\Storage\Component\Collider\CapsuleColliderComponentStorage.cpp">
      <Filter>ソース ファイル\Physics\Storage\Component\Collider</Filter>
    </ClCompile>
    <ClCompile Include="Source\Objects\DebugCapsule.cpp">
      <Filter>ソース ファイル\GameObject</Filter>
    </ClCompile>
    <ClCompile Include="Source\System\Adapter\Dxlib\DxlibGPUConnecter.cpp">
      <Filter>ソース ファイル\System\Adapter\Dxlib</Filter>
    </ClCompile>
    <ClCompile Include="Source\System\Input\InputAssetDataLoader.cpp">
      <Filter>ソース ファイル\System\Input</Filter>
    </ClCompile>
    <ClCompile Include="Source\System\Input\InputSystem.cpp">
      <Filter>ソース ファイル\System\Input</Filter>
    </ClCompile>
    <ClCompile Include="Source\System\Input\InputAssetDataLoadHelper.cpp">
      <Filter>ソース ファイル\System\Input</Filter>
    </ClCompile>
    <ClCompile Include="Source\System\Input\InputAction.cpp">
      <Filter>ソース ファイル\System\Input</Filter>
    </ClCompile>
    <ClCompile Include="Source\Physics\System\Query\PhysicsQuerySystem.cpp">
      <Filter>ソース ファイル\Physics\System\Query</Filter>
    </ClCompile>
    <ClCompile Include="Source\Physics\Function\RaycastFunction.cpp">
      <Filter>ソース ファイル\Physics\Function</Filter>
    </ClCompile>
    <ClCompile Include="Source\Physics\Storage\CharacterController\CharacterControllerStorage.cpp">
      <Filter>ソース ファイル\Physics\Storage\CharacterController</Filter>
    </ClCompile>
    <ClCompile Include="Source\Physics\Storage\Component\CharacterController\CharacterControllerComponentStorage.cpp">
      <Filter>ソース ファイル\Physics\Storage\Component\CharacterController</Filter>
    </ClCompile>
    <ClCompile Include="Source\Physics\Component\CharacterController\CharacterControllerComponent.cpp">
      <Filter>ソース ファイル\Physics\Component\CharacterController</Filter>
    </ClCompile>
    <ClCompile Include="Source\Physics\System\Update\CharacterControllerSystem.cpp">
      <Filter>ソース ファイル\Physics\System\Update</Filter>
    </ClCompile>
    <ClCompile Include="Source\Objects\Player.cpp">
      <Filter>ソース ファイル\GameObject</Filter>
    </ClCompile>
    <ClCompile Include="Source\Physics\DebugRender\ColliderDebugRenderingSystem.cpp">
      <Filter>ソース ファイル\Physics\DebugRender</Filter>
    </ClCompile>
    <ClCompile Include="Source\Physics\Component\Collider\ColliderComponent.cpp">
      <Filter>ソース ファイル\Physics\Component\Collider</Filter>
    </ClCompile>
    <ClCompile Include="Source\Render\System\ModelRenderingSystem.cpp">
      <Filter>ソース ファイル\Render\System</Filter>
    </ClCompile>
    <ClCompile Include="Source\Render\System\SkyRenderingSystem.cpp">
      <Filter>ソース ファイル\Render\System</Filter>
    </ClCompile>
    <ClCompile Include="Source\Render\System\CameraRigSystem.cpp">
      <Filter>ソース ファイル\Render\System</Filter>
    </ClCompile>
    <ClCompile Include="Source\Render\System\CameraBindSystem.cpp">
      <Filter>ソース ファイル\Render\System</Filter>
    </ClCompile>
    <ClCompile Include="Source\Animation\AnimationWorld.cpp">
      <Filter>ソース ファイル\Animation</Filter>
    </ClCompile>
    <ClCompile Include="Source\Animation\Component\RagdollComponent.cpp">
      <Filter>ソース ファイル\Animation\Component</Filter>
    </ClCompile>
    <ClCompile Include="Source\Animation\Storage\Component\RagdollComponentStorage.cpp">
      <Filter>ソース ファイル\Animation\Storage\Component</Filter>
    </ClCompile>
    <ClCompile Include="Source\Physics\Storage\Component\Constraint\DistanceConstraintComponentStorage.cpp">
      <Filter>ソース ファイル\Physics\Storage\Component\Constraint</Filter>
    </ClCompile>
    <ClCompile Include="Source\Physics\Storage\Component\Constraint\PointConstraintComponentStorage.cpp">
      <Filter>ソース ファイル\Physics\Storage\Component\Constraint</Filter>
    </ClCompile>
    <ClCompile Include="Source\Render\Renderer.cpp">
      <Filter>ソース ファイル\Render</Filter>
    </ClCompile>
    <ClCompile Include="Source\Physics\System\Build\BodySnapshotBuildSystem.cpp">
      <Filter>ソース ファイル\Physics\System\Build</Filter>
    </ClCompile>
    <ClCompile Include="Source\Physics\System\Sync\ApplyPhysicsCommandBufferSystem.cpp">
      <Filter>ソース ファイル\Physics\System\Sync</Filter>
    </ClCompile>
    <ClCompile Include="Source\Physics\Storage\Buffer\BodySnapshotBuffer.cpp">
      <Filter>ソース ファイル\Physics\Storage\Buffer</Filter>
    </ClCompile>
    <ClCompile Include="Source\Animation\Storage\Ragdoll\RagdollStorage.cpp">
      <Filter>ソース ファイル\Animation\Storage\Ragdoll</Filter>
    </ClCompile>
    <ClCompile Include="Source\Animation\Storage\Skeleton\SkeletonInstanceStorage.cpp">
      <Filter>ソース ファイル\Animation\Storage\Skeleton</Filter>
    </ClCompile>
    <ClCompile Include="Source\Animation\System\Sync\AnimationCommitSystem.cpp">
      <Filter>ソース ファイル\Animation\System\Sync</Filter>
    </ClCompile>
    <ClCompile Include="Source\Animation\System\Sync\AnimationSyncSystem.cpp">
      <Filter>ソース ファイル\Animation\System\Sync</Filter>
    </ClCompile>
    <ClCompile Include="Source\Physics\API\PhysicsAPI.cpp">
      <Filter>ソース ファイル\Physics\API</Filter>
    </ClCompile>
    <ClCompile Include="Source\Physics\API\PhysicsComponentAPI.cpp">
      <Filter>ソース ファイル\Physics\API</Filter>
    </ClCompile>
    <ClCompile Include="Source\Physics\System\Collision\Simplex.cpp">
      <Filter>ソース ファイル\Physics\System\Collision</Filter>
    </ClCompile>
    <ClCompile Include="Source\Animation\System\Update\RagdollSystem.cpp">
      <Filter>ソース ファイル\Animation\System\Update</Filter>
    </ClCompile>
    <ClCompile Include="Source\Animation\API\AnimationComponentAPI.cpp">
      <Filter>ソース ファイル\Animation\API</Filter>
    </ClCompile>
    <ClCompile Include="Source\Physics\Component\Constraint\AngleLimitPointConstraintComponent.cpp">
      <Filter>ソース ファイル\Physics\Component\Constraint</Filter>
    </ClCompile>
    <ClCompile Include="Source\Physics\Component\Constraint\HingeConstraintComponent.cpp">
      <Filter>ソース ファイル\Physics\Component\Constraint</Filter>
    </ClCompile>
    <ClCompile Include="Source\Physics\Component\Constraint\AngleLimitHingeConstraintComponent.cpp">
      <Filter>ソース ファイル\Physics\Component\Constraint</Filter>
    </ClCompile>
    <ClCompile Include="Source\Physics\Storage\Component\Constraint\AngleLimitPointConstraintComponentStorage.cpp">
      <Filter>ソース ファイル\Physics\Storage\Component\Constraint</Filter>
    </ClCompile>
    <ClCompile Include="Source\Physics\Storage\Component\Constraint\HingeConstraintComponentStorage.cpp">
      <Filter>ソース ファイル\Physics\Storage\Component\Constraint</Filter>
    </ClCompile>
    <ClCompile Include="Source\Physics\Storage\Component\Constraint\AngleLimitHingeConstraintComponentStorage.cpp">
      <Filter>ソース ファイル\Physics\Storage\Component\Constraint</Filter>
    </ClCompile>
    <ClCompile Include="Source\Physics\Component\Constraint\Base\ConstraintComponentBase.cpp">
      <Filter>ソース ファイル\Physics\Component\Constraint\Base</Filter>
    </ClCompile>
    <ClCompile Include="Source\Physics\Component\Constraint\LimitedBallJointConstraintComponent.cpp">
      <Filter>ソース ファイル\Physics\Component\Constraint</Filter>
    </ClCompile>
    <ClCompile Include="Source\Physics\Storage\Component\Constraint\LimitedBallJointConstraintComponentStorage.cpp">
      <Filter>ソース ファイル\Physics\Storage\Component\Constraint</Filter>
    </ClCompile>
    <ClCompile Include="Source\Animation\Load\Ragdoll\RagdollLoader.cpp">
      <Filter>ソース ファイル\Animation\Load\Ragdoll</Filter>
    </ClCompile>
    <ClCompile Include="Source\Animation\Load\Ragdoll\RagdollLoaderHelper.cpp">
      <Filter>ソース ファイル\Animation\Load\Ragdoll</Filter>
    </ClCompile>
    <ClCompile Include="Source\Objects\DebugRagdoll.cpp">
      <Filter>ソース ファイル\GameObject</Filter>
    </ClCompile>
    <ClCompile Include="Source\Animation\Storage\Ragdoll\ActiveRagdollStorage.cpp">
      <Filter>ソース ファイル\Animation\Storage\Ragdoll</Filter>
    </ClCompile>
    <ClCompile Include="Source\Animation\System\Update\ActiveRagdollSystem.cpp">
      <Filter>ソース ファイル\Animation\System\Update</Filter>
    </ClCompile>
    <ClCompile Include="Source\Animation\System\Update\TargetPoseSystem.cpp">
      <Filter>ソース ファイル\Animation\System\Update</Filter>
    </ClCompile>
    <ClCompile Include="Source\Animation\Component\ActiveRagdollComponent.cpp">
      <Filter>ソース ファイル\Animation\Component</Filter>
    </ClCompile>
    <ClCompile Include="Source\Animation\Storage\Component\ActiveRagdollComponentStorage.cpp">
      <Filter>ソース ファイル\Animation\Storage\Component</Filter>
    </ClCompile>
    <ClCompile Include="Source\Objects\DebugActiveRagdoll.cpp">
      <Filter>ソース ファイル\GameObject</Filter>
    </ClCompile>
    <ClCompile Include="Source\Animation\System\Update\BaseAnimationSystem.cpp">
      <Filter>ソース ファイル\Animation\System\Update</Filter>
    </ClCompile>
    <ClCompile Include="Source\Animation\Function\PoseMixer.cpp">
      <Filter>ソース ファイル\Animation\Function</Filter>
    </ClCompile>
    <ClCompile Include="Source\Animation\Storage\Animation\AnimationStorage.cpp">
      <Filter>ソース ファイル\Animation\Storage\Animation</Filter>
    </ClCompile>
    <ClCompile Include="Source\Animation\Storage\Skeleton\PoseLayerStorage.cpp">
      <Filter>ソース ファイル\Animation\Storage\Skeleton</Filter>
    </ClCompile>
    <ClCompile Include="Source\Animation\Component\AnimationComponent.cpp">
      <Filter>ソース ファイル\Animation\Component</Filter>
    </ClCompile>
    <ClCompile Include="Source\Animation\Storage\Component\AnimationComponentStorage.cpp">
      <Filter>ソース ファイル\Animation\Storage\Component</Filter>
    </ClCompile>
    <ClCompile Include="Source\Animation\Load\Skeleton\BoneMaskLoader.cpp">
      <Filter>ソース ファイル\Animation\Load\Skeleton</Filter>
    </ClCompile>
    <ClCompile Include="Source\Animation\Load\Skeleton\BoneMaskLoaderHelper.cpp">
      <Filter>ソース ファイル\Animation\Load\Skeleton</Filter>
    </ClCompile>
    <ClCompile Include="Source\Animation\Storage\IK\TwoBoneIKStorage.cpp">
      <Filter>ソース ファイル\Animation\Storage\IK</Filter>
    </ClCompile>
    <ClCompile Include="Source\Animation\System\Solver\IKSolverSystem.cpp">
      <Filter>ソース ファイル\Animation\System\Solver</Filter>
    </ClCompile>
  </ItemGroup>
  <ItemGroup>
    <FxCompile Include="Shader\Sky\SkyVS.hlsl">
      <Filter>Shader\Sky</Filter>
    </FxCompile>
    <FxCompile Include="Shader\Sky\SkyPS.hlsl">
      <Filter>Shader\Sky</Filter>
    </FxCompile>
  </ItemGroup>
</Project>