<?xml version="1.0" encoding="utf-8"?>
<Project ToolsVersion="4.0" xmlns="http://schemas.microsoft.com/developer/msbuild/2003">
  <ItemGroup>
    <Filter Include="ソース ファイル">
      <UniqueIdentifier>{4FC737F1-C7A5-4376-A066-2A32D752A2FF}</UniqueIdentifier>
      <Extensions>cpp;c;cc;cxx;c++;cppm;ixx;def;odl;idl;hpj;bat;asm;asmx</Extensions>
    </Filter>
    <Filter Include="ソース ファイル\Common">
      <UniqueIdentifier>{d8907fd1-6b74-4abd-8d02-870a6f353d93}</UniqueIdentifier>
    </Filter>
    <Filter Include="ソース ファイル\Common\Constants">
      <UniqueIdentifier>{60bf5d9f-f609-4951-bab4-da31ee026738}</UniqueIdentifier>
    </Filter>
    <Filter Include="ソース ファイル\Common\ECS">
      <UniqueIdentifier>{ba1d34ce-67e5-43da-9ad6-77793b674fc2}</UniqueIdentifier>
    </Filter>
    <Filter Include="ソース ファイル\Common\Interface">
      <UniqueIdentifier>{bf54158e-095e-4946-8677-c65c077d3d9f}</UniqueIdentifier>
    </Filter>
    <Filter Include="ソース ファイル\Common\Math">
      <UniqueIdentifier>{1ae26b9b-a93c-446f-9689-5f9f90a2acff}</UniqueIdentifier>
    </Filter>
    <Filter Include="ソース ファイル\GameObject">
      <UniqueIdentifier>{a2df45dd-0799-45cc-80de-96bc0e3599e8}</UniqueIdentifier>
    </Filter>
    <Filter Include="ソース ファイル\System">
      <UniqueIdentifier>{6a582da0-d8af-4f5c-8147-f3e88be102af}</UniqueIdentifier>
    </Filter>
    <Filter Include="ソース ファイル\System\Adapter">
      <UniqueIdentifier>{e750756d-b46e-48fd-becc-37b5c27553ec}</UniqueIdentifier>
    </Filter>
    <Filter Include="ソース ファイル\System\Components">
      <UniqueIdentifier>{a53b5264-f4e4-4d29-897b-f525db1272ca}</UniqueIdentifier>
    </Filter>
    <Filter Include="ソース ファイル\System\Scene">
      <UniqueIdentifier>{ea20f5cd-5743-4ecb-9826-01f267204ae8}</UniqueIdentifier>
    </Filter>
    <Filter Include="ソース ファイル\Common\BaseClass">
      <UniqueIdentifier>{6a91466d-c35a-43f4-9518-7041cc1fa38c}</UniqueIdentifier>
    </Filter>
    <Filter Include="ソース ファイル\System\ComponentSystems">
      <UniqueIdentifier>{f9e055f9-0fb7-41a3-953d-d2161467ffdd}</UniqueIdentifier>
    </Filter>
    <Filter Include="ソース ファイル\System\ComponentStorages">
      <UniqueIdentifier>{f7948fe6-49b5-42df-9b08-3413dc1eafb5}</UniqueIdentifier>
    </Filter>
    <Filter Include="ソース ファイル\Common\BaseClass\SceneBase">
      <UniqueIdentifier>{86ff63f9-26ca-47b7-bccd-267468a07b21}</UniqueIdentifier>
    </Filter>
    <Filter Include="ソース ファイル\System\Manager">
      <UniqueIdentifier>{2bc2453a-7a50-4f15-bfe0-bb3c7e6c3088}</UniqueIdentifier>
    </Filter>
    <Filter Include="ソース ファイル\Common\Math\Matrix">
      <UniqueIdentifier>{5177946c-5739-4022-af50-230705bcc3ab}</UniqueIdentifier>
    </Filter>
    <Filter Include="ソース ファイル\Common\Math\Quaternion">
      <UniqueIdentifier>{ef5a4f01-a985-4ad2-a761-263aabc7ceeb}</UniqueIdentifier>
    </Filter>
    <Filter Include="ソース ファイル\Common\Math\Vector">
      <UniqueIdentifier>{d9c73365-0929-4e41-95f1-eab339f88b6f}</UniqueIdentifier>
    </Filter>
    <Filter Include="ソース ファイル\Common\Math\Vector\SIMD">
      <UniqueIdentifier>{ba8185b1-ab38-4a20-af7b-1be19f6f84a8}</UniqueIdentifier>
    </Filter>
    <Filter Include="ソース ファイル\Common\Math\Vector\Vector2">
      <UniqueIdentifier>{b5c05615-ff8b-4d14-8d15-784b24ac5309}</UniqueIdentifier>
    </Filter>
    <Filter Include="ソース ファイル\Common\Math\Vector\Vector3">
      <UniqueIdentifier>{0249a9d7-fb9a-4dda-a0d1-bc9d1f9b24a7}</UniqueIdentifier>
    </Filter>
    <Filter Include="ソース ファイル\Common\Math\Transform">
      <UniqueIdentifier>{ce40d2c3-28bd-420d-bd3d-772c94199fa7}</UniqueIdentifier>
    </Filter>
    <Filter Include="ソース ファイル\Physics">
      <UniqueIdentifier>{74951b05-2a6e-4b22-9c1a-073ee81bee8a}</UniqueIdentifier>
    </Filter>
    <Filter Include="ソース ファイル\Physics\Body">
      <UniqueIdentifier>{3ddd4e94-7bf3-43ff-9413-8303062a4433}</UniqueIdentifier>
    </Filter>
    <Filter Include="ソース ファイル\Physics\Collider">
      <UniqueIdentifier>{bb12b480-c532-4805-b2e4-dce5f42e3d00}</UniqueIdentifier>
    </Filter>
    <Filter Include="ソース ファイル\Physics\System">
      <UniqueIdentifier>{cb2d5064-7b89-435a-9757-5e2513279225}</UniqueIdentifier>
    </Filter>
    <Filter Include="ソース ファイル\Physics\Storage">
      <UniqueIdentifier>{17985e89-cb6d-479a-9895-c6e7115113fa}</UniqueIdentifier>
    </Filter>
    <Filter Include="ソース ファイル\Physics\Struct">
      <UniqueIdentifier>{893e4b80-687b-4e31-bf97-04bd8616466d}</UniqueIdentifier>
    </Filter>
    <Filter Include="ソース ファイル\Common\Color">
      <UniqueIdentifier>{a0b6f81f-c9ff-44a9-924c-bf0da1c95d26}</UniqueIdentifier>
    </Filter>
    <Filter Include="ソース ファイル\Physics\Constants">
      <UniqueIdentifier>{d4cb68c5-ecdd-4f65-a9f4-22f3e5809258}</UniqueIdentifier>
    </Filter>
    <Filter Include="ソース ファイル\Physics\System\Collision">
      <UniqueIdentifier>{5a3b05af-c2cc-4108-b928-98bfe76990c4}</UniqueIdentifier>
    </Filter>
    <Filter Include="ソース ファイル\Physics\System\Update">
      <UniqueIdentifier>{31a7a09b-a7fb-43b9-9044-1e4f936befd2}</UniqueIdentifier>
    </Filter>
    <Filter Include="ソース ファイル\Common\Events">
      <UniqueIdentifier>{b9bff928-5b7e-4c6b-8a3a-f6eb65471602}</UniqueIdentifier>
    </Filter>
    <Filter Include="ソース ファイル\Common\Events\Physics">
      <UniqueIdentifier>{efd2c8b0-1091-4205-ad0c-41bbf3fa541f}</UniqueIdentifier>
    </Filter>
    <Filter Include="ソース ファイル\Common\Math\Constants">
      <UniqueIdentifier>{4e1f64dc-d6db-4818-9365-2e73beec1b1e}</UniqueIdentifier>
    </Filter>
    <Filter Include="ソース ファイル\Physics\Collider\Component">
      <UniqueIdentifier>{1ae0f8ed-9c8b-4653-a23f-0fbca31638ef}</UniqueIdentifier>
    </Filter>
    <Filter Include="ソース ファイル\Physics\Storage\Component">
      <UniqueIdentifier>{5e801506-484e-4394-9590-222b198d07fe}</UniqueIdentifier>
    </Filter>
    <Filter Include="ソース ファイル\Physics\Storage\Collider">
      <UniqueIdentifier>{4879deec-c92d-4120-b5b2-022d2ba28ad5}</UniqueIdentifier>
    </Filter>
    <Filter Include="ソース ファイル\Physics\Storage\Body">
      <UniqueIdentifier>{6c679349-e30e-4eb0-95ba-0f1ec82f89a1}</UniqueIdentifier>
    </Filter>
    <Filter Include="ソース ファイル\Physics\System\Sync">
      <UniqueIdentifier>{03d50d9b-6ad1-4a7d-9de5-0b3043694bb3}</UniqueIdentifier>
    </Filter>
    <Filter Include="ソース ファイル\Physics\Storage\Transform">
      <UniqueIdentifier>{7467adcf-127f-48f6-b07f-145eef1876eb}</UniqueIdentifier>
    </Filter>
    <Filter Include="ソース ファイル\Common\Math\NamericalAnalysis">
      <UniqueIdentifier>{f5e361c7-b168-4d9f-952b-67df79fa1a61}</UniqueIdentifier>
    </Filter>
    <Filter Include="ソース ファイル\Common\Math\Vector\Vector4">
      <UniqueIdentifier>{23013ff9-648f-454e-9b7d-6d2894959875}</UniqueIdentifier>
    </Filter>
    <Filter Include="ソース ファイル\Physics\Struct\Collider">
      <UniqueIdentifier>{c6578464-80b8-4f02-8410-f61663518cef}</UniqueIdentifier>
    </Filter>
    <Filter Include="ソース ファイル\Physics\Struct\Transform">
      <UniqueIdentifier>{f7dc720c-0469-41a8-872c-70f66e69297c}</UniqueIdentifier>
    </Filter>
    <Filter Include="ソース ファイル\Physics\Struct\Body">
      <UniqueIdentifier>{9833bba1-8094-4ea8-b137-d485bfd6791e}</UniqueIdentifier>
    </Filter>
    <Filter Include="ソース ファイル\Physics\Struct\Collision">
      <UniqueIdentifier>{2e45a226-c298-41e8-a4d5-c588fb03dc73}</UniqueIdentifier>
    </Filter>
    <Filter Include="ソース ファイル\Physics\Struct\Constraint">
      <UniqueIdentifier>{277277a4-b6a9-4c59-b178-a4b8be73190d}</UniqueIdentifier>
    </Filter>
  </ItemGroup>
  <ItemGroup>
    <ClInclude Include="Source\Objects\Camera.h">
      <Filter>ソース ファイル\GameObject</Filter>
    </ClInclude>
    <ClInclude Include="Source\System\Adapter\Dxlib\DxlibConstants.h">
      <Filter>ソース ファイル\System\Adapter</Filter>
    </ClInclude>
    <ClInclude Include="Source\System\Adapter\Dxlib\DxlibConvert.h">
      <Filter>ソース ファイル\System\Adapter</Filter>
    </ClInclude>
    <ClInclude Include="Source\System\Adapter\Dxlib\DxlibInput.h">
      <Filter>ソース ファイル\System\Adapter</Filter>
    </ClInclude>
    <ClInclude Include="Source\System\Adapter\Dxlib\DxlibRenderer.h">
      <Filter>ソース ファイル\System\Adapter</Filter>
    </ClInclude>
    <ClInclude Include="Source\System\Adapter\Dxlib\DxlibSystem.h">
      <Filter>ソース ファイル\System\Adapter</Filter>
    </ClInclude>
    <ClInclude Include="Source\System\Components\TransformComponent.h">
      <Filter>ソース ファイル\System\Components</Filter>
    </ClInclude>
    <ClInclude Include="Source\System\Components\RendererComponent.h">
      <Filter>ソース ファイル\System\Components</Filter>
    </ClInclude>
    <ClInclude Include="Source\Common\Constants\BaseConstants.h">
      <Filter>ソース ファイル\Common\Constants</Filter>
    </ClInclude>
    <ClInclude Include="Source\Common\BaseClass\ComponentBase.h">
      <Filter>ソース ファイル\Common\BaseClass</Filter>
    </ClInclude>
    <ClInclude Include="Source\System\Scenes\DebugScene.h">
      <Filter>ソース ファイル\System\Scene</Filter>
    </ClInclude>
    <ClInclude Include="Source\Common\Interface\IInput.h">
      <Filter>ソース ファイル\Common\Interface</Filter>
    </ClInclude>
    <ClInclude Include="Source\Common\Interface\ISystem.h">
      <Filter>ソース ファイル\Common\Interface</Filter>
    </ClInclude>
    <ClInclude Include="Source\Common\Interface\IRenderer.h">
      <Filter>ソース ファイル\Common\Interface</Filter>
    </ClInclude>
    <ClInclude Include="Source\Common\Constants\KeyConstants.h">
      <Filter>ソース ファイル\Common\Constants</Filter>
    </ClInclude>
    <ClInclude Include="Source\Common\Math\MDMath.h">
      <Filter>ソース ファイル\Common\Math</Filter>
    </ClInclude>
    <ClInclude Include="Source\Common\Constants\SceneConstants.h">
      <Filter>ソース ファイル\Common\Constants</Filter>
    </ClInclude>
    <ClInclude Include="Source\Common\BaseClass\UpdateSystem.h">
      <Filter>ソース ファイル\Common\BaseClass</Filter>
    </ClInclude>
    <ClInclude Include="Source\Common\BaseClass\SystemBase.h">
      <Filter>ソース ファイル\Common\BaseClass</Filter>
    </ClInclude>
    <ClInclude Include="Source\Common\BaseClass\StorageBase.h">
      <Filter>ソース ファイル\Common\BaseClass</Filter>
    </ClInclude>
    <ClInclude Include="Source\Common\ECS\SparseSet.h">
      <Filter>ソース ファイル\Common\ECS</Filter>
    </ClInclude>
    <ClInclude Include="Source\Common\ECS\SparseSetStorageBase.h">
      <Filter>ソース ファイル\Common\ECS</Filter>
    </ClInclude>
    <ClInclude Include="Source\Common\BaseClass\RenderingSystem.h">
      <Filter>ソース ファイル\Common\BaseClass</Filter>
    </ClInclude>
    <ClInclude Include="Source\System\ComponentSystems\ModelRenderingSystem.h">
      <Filter>ソース ファイル\System\ComponentSystems</Filter>
    </ClInclude>
    <ClInclude Include="Source\Common\BaseClass\SceneBase\SceneBase.h">
      <Filter>ソース ファイル\Common\BaseClass\SceneBase</Filter>
    </ClInclude>
    <ClInclude Include="Source\Common\Math\Matrix\MatGenerateFunc.h">
      <Filter>ソース ファイル\Common\Math\Matrix</Filter>
    </ClInclude>
    <ClInclude Include="Source\Common\Math\Matrix\Matrix.h">
      <Filter>ソース ファイル\Common\Math\Matrix</Filter>
    </ClInclude>
    <ClInclude Include="Source\Common\Math\Quaternion\Quaternion.h">
      <Filter>ソース ファイル\Common\Math\Quaternion</Filter>
    </ClInclude>
    <ClInclude Include="Source\Common\Math\Vector\SIMD\SIMDVector.h">
      <Filter>ソース ファイル\Common\Math\Vector\SIMD</Filter>
    </ClInclude>
    <ClInclude Include="Source\Common\Math\Vector\SIMD\SIMDVectorMath.h">
      <Filter>ソース ファイル\Common\Math\Vector\SIMD</Filter>
    </ClInclude>
    <ClInclude Include="Source\Common\Math\Vector\Vector2\Vector2.h">
      <Filter>ソース ファイル\Common\Math\Vector\Vector2</Filter>
    </ClInclude>
    <ClInclude Include="Source\Common\Math\Vector\Vector2\Vector2Int.h">
      <Filter>ソース ファイル\Common\Math\Vector\Vector2</Filter>
    </ClInclude>
    <ClInclude Include="Source\Common\Math\Vector\Vector3\Vector3.h">
      <Filter>ソース ファイル\Common\Math\Vector\Vector3</Filter>
    </ClInclude>
    <ClInclude Include="Source\Common\Math\Vector\Vector3\Vector3Int.h">
      <Filter>ソース ファイル\Common\Math\Vector\Vector3</Filter>
    </ClInclude>
    <ClInclude Include="Source\Common\Math\Transform\Transform.h">
      <Filter>ソース ファイル\Common\Math\Transform</Filter>
    </ClInclude>
    <ClInclude Include="Source\System\Manager\ApplicationManager.h">
      <Filter>ソース ファイル\System\Manager</Filter>
    </ClInclude>
    <ClInclude Include="Source\System\Manager\ObjectManager.h">
      <Filter>ソース ファイル\System\Manager</Filter>
    </ClInclude>
    <ClInclude Include="Source\System\Manager\ResourceManager.h">
      <Filter>ソース ファイル\System\Manager</Filter>
    </ClInclude>
    <ClInclude Include="Source\System\Manager\SceneManager.h">
      <Filter>ソース ファイル\System\Manager</Filter>
    </ClInclude>
    <ClInclude Include="Source\System\Manager\TimeManager.h">
      <Filter>ソース ファイル\System\Manager</Filter>
    </ClInclude>
    <ClInclude Include="Source\System\ServiceLocator.h">
      <Filter>ソース ファイル\System</Filter>
    </ClInclude>
    <ClInclude Include="Source\System\ComponentStorages\RendererComponentStorage.h">
      <Filter>ソース ファイル\System\ComponentStorages</Filter>
    </ClInclude>
    <ClInclude Include="Source\System\ComponentStorages\TransformComponentStorage.h">
      <Filter>ソース ファイル\System\ComponentStorages</Filter>
    </ClInclude>
    <ClInclude Include="Source\Common\BaseClass\FixedUpdateSystem.h">
      <Filter>ソース ファイル\Common\BaseClass</Filter>
    </ClInclude>
    <ClInclude Include="Source\Physics\Body\RigidBodyComponent.h">
      <Filter>ソース ファイル\Physics\Body</Filter>
    </ClInclude>
    <ClInclude Include="Source\Physics\Collider\AABBBroadPhaseCollider.h">
      <Filter>ソース ファイル\Physics\Collider</Filter>
    </ClInclude>
    <ClInclude Include="Source\Physics\System\Simplex.h">
      <Filter>ソース ファイル\Physics\System</Filter>
    </ClInclude>
    <ClInclude Include="Source\Objects\DebugSphere.h">
      <Filter>ソース ファイル\GameObject</Filter>
    </ClInclude>
    <ClInclude Include="Source\System\ComponentSystems\DebugRenderingSystem.h">
      <Filter>ソース ファイル\System\ComponentSystems</Filter>
    </ClInclude>
    <ClInclude Include="Source\Common\Color\Color.h">
      <Filter>ソース ファイル\Common\Color</Filter>
    </ClInclude>
    <ClInclude Include="Source\Common\BaseClass\ObjectBase\ObjectBase.h">
      <Filter>ソース ファイル\Common\BaseClass</Filter>
    </ClInclude>
    <ClInclude Include="Source\Physics\Storage\ProjectionStorage.h">
      <Filter>ソース ファイル\Physics\Storage</Filter>
    </ClInclude>
    <ClInclude Include="Source\Physics\Constants\CollisionConstants.h">
      <Filter>ソース ファイル\Physics\Constants</Filter>
    </ClInclude>
    <ClInclude Include="Source\Physics\System\Collision\CollisionSystem.h">
      <Filter>ソース ファイル\Physics\System\Collision</Filter>
    </ClInclude>
    <ClInclude Include="Source\Physics\System\Update\RigidBodySystem.h">
      <Filter>ソース ファイル\Physics\System\Update</Filter>
    </ClInclude>
    <ClInclude Include="Source\Physics\System\PhysicsAPI.h">
      <Filter>ソース ファイル\Physics\System</Filter>
    </ClInclude>
    <ClInclude Include="Source\Physics\System\Collision\CollisionSolverSystem.h">
      <Filter>ソース ファイル\Physics\System\Collision</Filter>
    </ClInclude>
    <ClInclude Include="Source\Common\ECS\WorldStorage.h">
      <Filter>ソース ファイル\Common\ECS</Filter>
    </ClInclude>
    <ClInclude Include="Source\Common\ECS\SystemManager.h">
      <Filter>ソース ファイル\Common\ECS</Filter>
    </ClInclude>
    <ClInclude Include="Source\Common\ECS\EventQueue.h">
      <Filter>ソース ファイル\Common\ECS</Filter>
    </ClInclude>
    <ClInclude Include="Source\Common\Events\Physics\PhysicsEvent.h">
      <Filter>ソース ファイル\Common\Events\Physics</Filter>
    </ClInclude>
    <ClInclude Include="Source\Common\ECS\EventManager.h">
      <Filter>ソース ファイル\Common\ECS</Filter>
    </ClInclude>
    <ClInclude Include="Source\Common\ECS\EventSystem.h">
      <Filter>ソース ファイル\Common\ECS</Filter>
    </ClInclude>
    <ClInclude Include="Source\Physics\Storage\CollisionContactBuffer.h">
      <Filter>ソース ファイル\Physics\Storage</Filter>
    </ClInclude>
    <ClInclude Include="Source\Common\BaseClass\BufferBase.h">
      <Filter>ソース ファイル\Common\BaseClass</Filter>
    </ClInclude>
    <ClInclude Include="Source\Physics\Storage\CollisionManifoldBuffer.h">
      <Filter>ソース ファイル\Physics\Storage</Filter>
    </ClInclude>
    <ClInclude Include="Source\Physics\PhysicsWorld.h">
      <Filter>ソース ファイル\Physics</Filter>
    </ClInclude>
    <ClInclude Include="Source\Common\Math\Constants\MathConstants.h">
      <Filter>ソース ファイル\Common\Math\Constants</Filter>
    </ClInclude>
    <ClInclude Include="Source\Objects\DebugBox.h">
      <Filter>ソース ファイル\GameObject</Filter>
    </ClInclude>
    <ClInclude Include="Source\Physics\Collider\SphereColliderComponent.h">
      <Filter>ソース ファイル\Physics\Collider\Component</Filter>
    </ClInclude>
    <ClInclude Include="Source\Physics\Collider\ColliderComponent.h">
      <Filter>ソース ファイル\Physics\Collider\Component</Filter>
    </ClInclude>
    <ClInclude Include="Source\Physics\Collider\BoxColliderComponent.h">
      <Filter>ソース ファイル\Physics\Collider\Component</Filter>
    </ClInclude>
    <ClInclude Include="Source\Physics\Collider\SphereCollider.h">
      <Filter>ソース ファイル\Physics\Collider</Filter>
    </ClInclude>
    <ClInclude Include="Source\Physics\Storage\Collider\SphereColliderStorage.h">
      <Filter>ソース ファイル\Physics\Storage\Collider</Filter>
    </ClInclude>
    <ClInclude Include="Source\Physics\Storage\Collider\ColliderStorage.h">
      <Filter>ソース ファイル\Physics\Storage\Collider</Filter>
    </ClInclude>
    <ClInclude Include="Source\Physics\Storage\Collider\AABBBroadPhaseColliderStorage.h">
      <Filter>ソース ファイル\Physics\Storage\Collider</Filter>
    </ClInclude>
    <ClInclude Include="Source\Physics\Storage\Component\BoxColliderComponentStorage.h">
      <Filter>ソース ファイル\Physics\Storage\Component</Filter>
    </ClInclude>
    <ClInclude Include="Source\Physics\Storage\Component\RigidBodyComponentStorage.h">
      <Filter>ソース ファイル\Physics\Storage\Component</Filter>
    </ClInclude>
    <ClInclude Include="Source\Physics\Storage\Component\SphereColliderComponentStorage.h">
      <Filter>ソース ファイル\Physics\Storage\Component</Filter>
    </ClInclude>
    <ClInclude Include="Source\Common\ECS\EntityID.h">
      <Filter>ソース ファイル\Common\ECS</Filter>
    </ClInclude>
    <ClInclude Include="Source\Physics\Storage\Collider\BoxColliderStorage.h">
      <Filter>ソース ファイル\Physics\Storage\Collider</Filter>
    </ClInclude>
    <ClInclude Include="Source\Physics\System\Update\AABBUpdateSystem.h">
      <Filter>ソース ファイル\Physics\System\Update</Filter>
    </ClInclude>
    <ClInclude Include="Source\Physics\Storage\Body\RigidBodyStorage.h">
      <Filter>ソース ファイル\Physics\Storage\Body</Filter>
    </ClInclude>
    <ClInclude Include="Source\Physics\System\Collision\NarrowPhasePairBuilder.h">
      <Filter>ソース ファイル\Physics\System\Collision</Filter>
    </ClInclude>
    <ClInclude Include="Source\Physics\System\Sync\PhysicsCommitSystem.h">
      <Filter>ソース ファイル\Physics\System\Sync</Filter>
    </ClInclude>
    <ClInclude Include="Source\Physics\System\Sync\SynchronizationSystem.h">
      <Filter>ソース ファイル\Physics\System\Sync</Filter>
    </ClInclude>
    <ClInclude Include="Source\Physics\Storage\Transform\PhysicsTransformStorage.h">
      <Filter>ソース ファイル\Physics\Storage\Transform</Filter>
    </ClInclude>
    <ClInclude Include="Source\Common\Math\NamericalAnalysis\NamericalAnalysis.h">
      <Filter>ソース ファイル\Common\Math\NamericalAnalysis</Filter>
    </ClInclude>
    <ClInclude Include="Source\Common\Math\Vector\Vector4\Vector4.h">
      <Filter>ソース ファイル\Common\Math\Vector\Vector4</Filter>
    </ClInclude>
    <ClInclude Include="Source\Physics\Struct\Collider\ColliderID.h">
      <Filter>ソース ファイル\Physics\Struct\Collider</Filter>
    </ClInclude>
    <ClInclude Include="Source\Physics\Struct\Collider\ColliderProjection.h">
      <Filter>ソース ファイル\Physics\Struct\Collider</Filter>
    </ClInclude>
    <ClInclude Include="Source\Physics\Struct\Collider\ColliderProjectionData.h">
      <Filter>ソース ファイル\Physics\Struct\Collider</Filter>
    </ClInclude>
    <ClInclude Include="Source\Physics\Struct\Collider\ColliderSlot.h">
      <Filter>ソース ファイル\Physics\Struct\Collider</Filter>
    </ClInclude>
    <ClInclude Include="Source\Physics\Struct\Collider\ColliderTags.h">
      <Filter>ソース ファイル\Physics\Struct\Collider</Filter>
    </ClInclude>
    <ClInclude Include="Source\Physics\Struct\Transform\PhysicsTransformID.h">
      <Filter>ソース ファイル\Physics\Struct\Transform</Filter>
    </ClInclude>
    <ClInclude Include="Source\Physics\Struct\Transform\PhysicsTransformSlot.h">
      <Filter>ソース ファイル\Physics\Struct\Transform</Filter>
    </ClInclude>
    <ClInclude Include="Source\Physics\Struct\Body\BodyID.h">
      <Filter>ソース ファイル\Physics\Struct\Body</Filter>
    </ClInclude>
    <ClInclude Include="Source\Physics\Struct\Body\BodySlot.h">
      <Filter>ソース ファイル\Physics\Struct\Body</Filter>
    </ClInclude>
    <ClInclude Include="Source\Physics\Struct\Collision\CollisionPair.h">
      <Filter>ソース ファイル\Physics\Struct\Collision</Filter>
    </ClInclude>
    <ClInclude Include="Source\Physics\Struct\Collision\Edge.h">
      <Filter>ソース ファイル\Physics\Struct\Collision</Filter>
    </ClInclude>
    <ClInclude Include="Source\Physics\Struct\Collision\Face.h">
      <Filter>ソース ファイル\Physics\Struct\Collision</Filter>
    </ClInclude>
    <ClInclude Include="Source\Physics\Struct\Collision\Manifold.h">
      <Filter>ソース ファイル\Physics\Struct\Collision</Filter>
    </ClInclude>
    <ClInclude Include="Source\Physics\Struct\Body\SolverBody.h">
      <Filter>ソース ファイル\Physics\Struct\Body</Filter>
    </ClInclude>
    <ClInclude Include="Source\Physics\Struct\Constraint\ContactConstraint.h">
      <Filter>ソース ファイル\Physics\Struct\Constraint</Filter>
    </ClInclude>
    <ClInclude Include="Source\Physics\Struct\Constraint\Constraint.h">
      <Filter>ソース ファイル\Physics\Struct\Constraint</Filter>
    </ClInclude>
    <ClInclude Include="Source\Physics\Struct\Collision\MinkowskiVertex.h">
      <Filter>ソース ファイル\Physics\Struct\Collision</Filter>
    </ClInclude>
  </ItemGroup>
  <ItemGroup>
    <ClCompile Include="Source\System\Adapter\Dxlib\DxlibInput.cpp">
      <Filter>ソース ファイル\System\Adapter</Filter>
    </ClCompile>
    <ClCompile Include="Source\System\Adapter\Dxlib\DxlibRenderer.cpp">
      <Filter>ソース ファイル\System\Adapter</Filter>
    </ClCompile>
    <ClCompile Include="Source\System\Adapter\Dxlib\DxlibSystem.cpp">
      <Filter>ソース ファイル\System\Adapter</Filter>
    </ClCompile>
    <ClCompile Include="Source\System\Scenes\DebugScene.cpp">
      <Filter>ソース ファイル\System\Scene</Filter>
    </ClCompile>
    <ClCompile Include="Source\System\ComponentSystems\ModelRenderingSystem.cpp">
      <Filter>ソース ファイル\System\ComponentSystems</Filter>
    </ClCompile>
    <ClCompile Include="Source\Common\BaseClass\SceneBase\SceneBase.cpp">
      <Filter>ソース ファイル\Common\BaseClass\SceneBase</Filter>
    </ClCompile>
    <ClCompile Include="Source\Common\Math\Matrix\MatGenerateFunc.cpp">
      <Filter>ソース ファイル\Common\Math\Matrix</Filter>
    </ClCompile>
    <ClCompile Include="Source\Common\Math\Matrix\Matrix.cpp">
      <Filter>ソース ファイル\Common\Math\Matrix</Filter>
    </ClCompile>
    <ClCompile Include="Source\Common\Math\Quaternion\Quaternion.cpp">
      <Filter>ソース ファイル\Common\Math\Quaternion</Filter>
    </ClCompile>
    <ClCompile Include="Source\Common\Math\Vector\SIMD\SIMDVectorMath.cpp">
      <Filter>ソース ファイル\Common\Math\Vector\SIMD</Filter>
    </ClCompile>
    <ClCompile Include="Source\Common\Math\Vector\Vector2\Vector2.cpp">
      <Filter>ソース ファイル\Common\Math\Vector\Vector2</Filter>
    </ClCompile>
    <ClCompile Include="Source\Common\Math\Vector\Vector2\Vector2Int.cpp">
      <Filter>ソース ファイル\Common\Math\Vector\Vector2</Filter>
    </ClCompile>
    <ClCompile Include="Source\Common\Math\Vector\Vector3\Vector3.cpp">
      <Filter>ソース ファイル\Common\Math\Vector\Vector3</Filter>
    </ClCompile>
    <ClCompile Include="Source\Common\Math\Vector\Vector3\Vector3Int.cpp">
      <Filter>ソース ファイル\Common\Math\Vector\Vector3</Filter>
    </ClCompile>
    <ClCompile Include="Source\Common\Math\Transform\Transform.cpp">
      <Filter>ソース ファイル\Common\Math\Transform</Filter>
    </ClCompile>
    <ClCompile Include="Source\System\Manager\ApplicationManager.cpp">
      <Filter>ソース ファイル\System\Manager</Filter>
    </ClCompile>
    <ClCompile Include="Source\System\Manager\ObjectManager.cpp">
      <Filter>ソース ファイル\System\Manager</Filter>
    </ClCompile>
    <ClCompile Include="Source\System\Manager\ResourceManager.cpp">
      <Filter>ソース ファイル\System\Manager</Filter>
    </ClCompile>
    <ClCompile Include="Source\System\Manager\SceneManager.cpp">
      <Filter>ソース ファイル\System\Manager</Filter>
    </ClCompile>
    <ClCompile Include="Source\System\Manager\TimeManager.cpp">
      <Filter>ソース ファイル\System\Manager</Filter>
    </ClCompile>
    <ClCompile Include="Source\Main.cpp">
      <Filter>ソース ファイル</Filter>
    </ClCompile>
    <ClCompile Include="Source\Physics\System\Simplex.cpp">
      <Filter>ソース ファイル\Physics\System</Filter>
    </ClCompile>
    <ClCompile Include="Source\System\ComponentSystems\DebugRenderingSystem.cpp">
      <Filter>ソース ファイル\System\ComponentSystems</Filter>
    </ClCompile>
    <ClCompile Include="Source\Objects\DebugSphere.cpp">
      <Filter>ソース ファイル\GameObject</Filter>
    </ClCompile>
    <ClCompile Include="Source\Physics\System\Collision\CollisionSystem.cpp">
      <Filter>ソース ファイル\Physics\System\Collision</Filter>
    </ClCompile>
    <ClCompile Include="Source\Physics\System\Update\RigidBodySystem.cpp">
      <Filter>ソース ファイル\Physics\System\Update</Filter>
    </ClCompile>
    <ClCompile Include="Source\Physics\Body\RigidBodyComponent.cpp">
      <Filter>ソース ファイル\Physics\Body</Filter>
    </ClCompile>
    <ClCompile Include="Source\Physics\System\PhysicsAPI.cpp">
      <Filter>ソース ファイル\Physics\System</Filter>
    </ClCompile>
    <ClCompile Include="Source\Physics\System\Collision\CollisionSolverSystem.cpp">
      <Filter>ソース ファイル\Physics\System\Collision</Filter>
    </ClCompile>
    <ClCompile Include="Source\Common\ECS\SystemManager.cpp">
      <Filter>ソース ファイル\Common\ECS</Filter>
    </ClCompile>
    <ClCompile Include="Source\Common\ECS\EventSystem.cpp">
      <Filter>ソース ファイル\Common\ECS</Filter>
    </ClCompile>
    <ClCompile Include="Source\Physics\PhysicsWorld.cpp">
      <Filter>ソース ファイル\Physics</Filter>
    </ClCompile>
    <ClCompile Include="Source\Objects\DebugBox.cpp">
      <Filter>ソース ファイル\GameObject</Filter>
    </ClCompile>
    <ClCompile Include="Source\Physics\Storage\Collider\ColliderStorage.cpp">
      <Filter>ソース ファイル\Physics\Storage\Collider</Filter>
    </ClCompile>
    <ClCompile Include="Source\Physics\Collider\SphereColliderComponent.cpp">
      <Filter>ソース ファイル\Physics\Collider\Component</Filter>
    </ClCompile>
    <ClCompile Include="Source\Physics\Collider\BoxColliderComponent.cpp">
      <Filter>ソース ファイル\Physics\Collider\Component</Filter>
    </ClCompile>
    <ClCompile Include="Source\Physics\System\Update\AABBUpdateSystem.cpp">
      <Filter>ソース ファイル\Physics\System\Update</Filter>
    </ClCompile>
    <ClCompile Include="Source\Physics\Storage\Body\RigidBodyStorage.cpp">
      <Filter>ソース ファイル\Physics\Storage\Body</Filter>
    </ClCompile>
    <ClCompile Include="Source\Physics\System\Collision\NarrowPhasePairBuilder.cpp">
      <Filter>ソース ファイル\Physics\System\Collision</Filter>
    </ClCompile>
    <ClCompile Include="Source\Physics\System\Sync\PhysicsCommitSystem.cpp">
      <Filter>ソース ファイル\Physics\System\Sync</Filter>
    </ClCompile>
    <ClCompile Include="Source\Physics\System\Sync\SynchronizationSystem.cpp">
      <Filter>ソース ファイル\Physics\System\Sync</Filter>
    </ClCompile>
    <ClCompile Include="Source\Physics\Storage\Transform\PhysicsTransformStorage.cpp">
      <Filter>ソース ファイル\Physics\Storage\Transform</Filter>
    </ClCompile>
    <ClCompile Include="Source\Common\Math\Vector\Vector4\Vector4.cpp">
      <Filter>ソース ファイル\Common\Math\Vector\Vector4</Filter>
    </ClCompile>
    <ClCompile Include="Source\Common\Math\NamericalAnalysis\NamericalAnalysis.cpp">
      <Filter>ソース ファイル\Common\Math\NamericalAnalysis</Filter>
    </ClCompile>
  </ItemGroup>
</Project>